<?xml version="1.0" encoding="utf-8"?>
<Project ToolsVersion="4.0" xmlns="http://schemas.microsoft.com/developer/msbuild/2003">
  <ItemGroup>
    <Filter Include="02.Scene">
      <UniqueIdentifier>{100df215-41e2-4c93-bfbc-27b787f6462b}</UniqueIdentifier>
    </Filter>
    <Filter Include="99.Default">
      <UniqueIdentifier>{63311f80-d772-4845-bc5f-1ae0d3017c8e}</UniqueIdentifier>
    </Filter>
    <Filter Include="98.Include">
      <UniqueIdentifier>{78a84e09-1766-4bbb-ba64-38e740fe4b4c}</UniqueIdentifier>
    </Filter>
    <Filter Include="00.MainFrm">
      <UniqueIdentifier>{4FC737F1-C7A5-4376-A066-2A32D752A2FF}</UniqueIdentifier>
      <Extensions>cpp;c;cc;cxx;def;odl;idl;hpj;bat;asm;asmx</Extensions>
    </Filter>
    <Filter Include="99.Default\00.Doc">
      <UniqueIdentifier>{ac3775a6-a7b3-486d-a809-4726681fd437}</UniqueIdentifier>
    </Filter>
    <Filter Include="99.Default\리소스 파일">
      <UniqueIdentifier>{67DA6AB6-F800-4c08-8B7A-83BB121AAD01}</UniqueIdentifier>
      <Extensions>rc;ico;cur;bmp;dlg;rc2;rct;bin;rgs;gif;jpg;jpeg;jpe;resx;tiff;tif;png;wav;mfcribbon-ms</Extensions>
    </Filter>
    <Filter Include="01.View">
      <UniqueIdentifier>{93995380-89BD-4b04-88EB-625FBE52EBFB}</UniqueIdentifier>
      <Extensions>h;hh;hpp;hxx;hm;inl;inc;xsd</Extensions>
    </Filter>
    <Filter Include="03.Objects">
      <UniqueIdentifier>{1edcdcee-b5de-4c8e-ab9d-0ff1bee25771}</UniqueIdentifier>
    </Filter>
    <Filter Include="97.MainMapTool">
      <UniqueIdentifier>{89de6840-dc1f-4439-b8d8-e3a6e6bc6507}</UniqueIdentifier>
    </Filter>
    <Filter Include="01.View\00.MainView">
      <UniqueIdentifier>{b241d1fc-86c3-4c76-8776-7cae1812203c}</UniqueIdentifier>
    </Filter>
    <Filter Include="01.View\01.MenuView">
      <UniqueIdentifier>{53ade857-1fe0-43fe-8420-b66a1ffa707f}</UniqueIdentifier>
    </Filter>
    <Filter Include="03.Objects\00.DecoObject">
      <UniqueIdentifier>{9f3e9e23-998c-48dd-adc8-5e81d5504609}</UniqueIdentifier>
    </Filter>
    <Filter Include="03.Objects\01.MapObject">
      <UniqueIdentifier>{47797cfe-7b55-4713-97cb-c7de80b20cc9}</UniqueIdentifier>
    </Filter>
    <Filter Include="98.Include\Shader">
      <UniqueIdentifier>{3b0ec3f4-4f9c-4213-babd-2c475dbaa37c}</UniqueIdentifier>
    </Filter>
  </ItemGroup>
  <ItemGroup>
    <ClInclude Include="stdafx.h">
      <Filter>99.Default</Filter>
    </ClInclude>
    <ClInclude Include="targetver.h">
      <Filter>99.Default</Filter>
    </ClInclude>
    <ClInclude Include="Resource.h">
      <Filter>99.Default</Filter>
    </ClInclude>
    <ClInclude Include="MapTool.h">
      <Filter>99.Default</Filter>
    </ClInclude>
    <ClInclude Include="..\Header\MainFrm.h">
      <Filter>00.MainFrm</Filter>
    </ClInclude>
    <ClInclude Include="..\Header\EditorExtern.h">
      <Filter>98.Include</Filter>
    </ClInclude>
    <ClInclude Include="..\Header\EditorMacro.h">
      <Filter>98.Include</Filter>
    </ClInclude>
    <ClInclude Include="..\Header\EditorStructure.h">
      <Filter>98.Include</Filter>
    </ClInclude>
    <ClInclude Include="..\Header\EditorTypedef.h">
      <Filter>98.Include</Filter>
    </ClInclude>
    <ClInclude Include="..\Header\EditorDefine.h">
      <Filter>98.Include</Filter>
    </ClInclude>
    <ClInclude Include="..\Header\EditorEnum.h">
      <Filter>98.Include</Filter>
    </ClInclude>
    <ClInclude Include="..\Header\MainMapTool.h">
      <Filter>97.MainMapTool</Filter>
    </ClInclude>
    <ClInclude Include="..\Header\EditorScene.h">
      <Filter>02.Scene</Filter>
    </ClInclude>
    <ClInclude Include="..\Header\MapToolDoc.h">
      <Filter>99.Default\00.Doc</Filter>
    </ClInclude>
    <ClInclude Include="..\Header\MapToolView.h">
      <Filter>01.View\00.MainView</Filter>
    </ClInclude>
    <ClInclude Include="..\Header\ToolMenuView.h">
      <Filter>01.View\01.MenuView</Filter>
    </ClInclude>
    <ClInclude Include="..\Header\EditorFunction.h">
      <Filter>98.Include</Filter>
    </ClInclude>
    <ClInclude Include="..\Header\DecoObject.h">
      <Filter>03.Objects\00.DecoObject</Filter>
    </ClInclude>
    <ClInclude Include="..\Header\MapObject.h">
      <Filter>03.Objects\01.MapObject</Filter>
    </ClInclude>
    <ClInclude Include="..\Header\WaterShader.h">
      <Filter>98.Include\Shader</Filter>
    </ClInclude>
  </ItemGroup>
  <ItemGroup>
    <ClCompile Include="MapTool.cpp">
      <Filter>99.Default</Filter>
    </ClCompile>
    <ClCompile Include="stdafx.cpp">
      <Filter>99.Default</Filter>
    </ClCompile>
    <ClCompile Include="..\Code\MainFrm.cpp">
      <Filter>00.MainFrm</Filter>
    </ClCompile>
    <ClCompile Include="..\Code\MainMapTool.cpp">
      <Filter>97.MainMapTool</Filter>
    </ClCompile>
    <ClCompile Include="..\Code\EditorScene.cpp">
      <Filter>02.Scene</Filter>
    </ClCompile>
    <ClCompile Include="..\Code\MapToolDoc.cpp">
      <Filter>99.Default\00.Doc</Filter>
    </ClCompile>
    <ClCompile Include="..\Code\MapToolView.cpp">
      <Filter>01.View\00.MainView</Filter>
    </ClCompile>
    <ClCompile Include="..\Code\ToolMenuView.cpp">
      <Filter>01.View\01.MenuView</Filter>
    </ClCompile>
    <ClCompile Include="..\Code\DecoObject.cpp">
      <Filter>03.Objects\00.DecoObject</Filter>
    </ClCompile>
    <ClCompile Include="..\Code\MapObject.cpp">
      <Filter>03.Objects\01.MapObject</Filter>
    </ClCompile>
    <ClCompile Include="..\Code\WaterShader.cpp">
      <Filter>98.Include\Shader</Filter>
    </ClCompile>
  </ItemGroup>
  <ItemGroup>
    <ResourceCompile Include="MapTool.rc">
      <Filter>99.Default\리소스 파일</Filter>
    </ResourceCompile>
  </ItemGroup>
  <ItemGroup>
    <None Include="res\MapTool.rc2">
      <Filter>99.Default\리소스 파일</Filter>
    </None>
  </ItemGroup>
  <ItemGroup>
    <Image Include="res\MapToolDoc.ico">
      <Filter>99.Default\리소스 파일</Filter>
    </Image>
    <Image Include="res\MapTool.ico">
      <Filter>99.Default\리소스 파일</Filter>
    </Image>
    <Image Include="res\Toolbar.bmp">
      <Filter>99.Default\리소스 파일</Filter>
    </Image>
  </ItemGroup>
  <ItemGroup>
    <Text Include="ReadMe.txt">
      <Filter>99.Default</Filter>
    </Text>
  </ItemGroup>
</Project>