<?xml version="1.0" encoding="utf-8"?>
<Project ToolsVersion="4.0" xmlns="http://schemas.microsoft.com/developer/msbuild/2003">
  <ItemGroup>
    <Filter Include="99.Default">
      <UniqueIdentifier>{2e2272e7-60a5-4c36-adc2-8142c3f7423d}</UniqueIdentifier>
    </Filter>
    <Filter Include="00.MainApp">
      <UniqueIdentifier>{3e7dbc9b-69a3-4014-a846-dbbceb7d70df}</UniqueIdentifier>
    </Filter>
    <Filter Include="98.Include">
      <UniqueIdentifier>{f2001eae-e2d3-4e20-90c3-b74150ed8f0d}</UniqueIdentifier>
    </Filter>
    <Filter Include="01.Scene">
      <UniqueIdentifier>{fb3559bc-5e87-4c5b-b57e-9625bdbbf03c}</UniqueIdentifier>
    </Filter>
    <Filter Include="02.Objects">
      <UniqueIdentifier>{50f5935f-2a42-4e51-81e7-19417db711ed}</UniqueIdentifier>
    </Filter>
    <Filter Include="01.Scene\99.Loading">
      <UniqueIdentifier>{ea353fc7-3e80-41cf-9933-6e363a009886}</UniqueIdentifier>
    </Filter>
    <Filter Include="01.Scene\00.InitScene">
      <UniqueIdentifier>{d20a2dfd-4f11-4780-a070-1c3d0d6fb340}</UniqueIdentifier>
    </Filter>
    <Filter Include="01.Scene\01.StaticScene">
      <UniqueIdentifier>{d8fbf8f6-7698-40c3-8f49-e9af75ebd861}</UniqueIdentifier>
    </Filter>
    <Filter Include="01.Scene\02.PrivateScene">
      <UniqueIdentifier>{ba34bee0-78ed-48de-a03c-9bd7db564c86}</UniqueIdentifier>
    </Filter>
    <Filter Include="01.Scene\02.PrivateScene\00.Changmo">
      <UniqueIdentifier>{b5ddb26e-4a5e-42e9-a402-6ccf5eefef78}</UniqueIdentifier>
    </Filter>
    <Filter Include="01.Scene\02.PrivateScene\00.YongScene">
      <UniqueIdentifier>{4f6ac84a-8dc7-4b08-ae1e-c09ed668fb00}</UniqueIdentifier>
    </Filter>
    <Filter Include="01.Scene\02.PrivateScene\00.WooScene">
      <UniqueIdentifier>{5000a794-c7a6-4be8-baac-f35b87564dbe}</UniqueIdentifier>
    </Filter>
    <Filter Include="01.Scene\02.PrivateScene\00.DongScene">
      <UniqueIdentifier>{5be9e514-de30-44ea-8fd3-412b167faada}</UniqueIdentifier>
    </Filter>
    <Filter Include="01.Scene\02.PrivateScene\00.JongScene">
      <UniqueIdentifier>{63f84f0b-d155-4a53-b15b-6e496573ce04}</UniqueIdentifier>
    </Filter>
    <Filter Include="05.DeleGate">
      <UniqueIdentifier>{c83d4b85-dedd-4e0a-aaf1-15da693d36af}</UniqueIdentifier>
    </Filter>
    <Filter Include="03.Component">
      <UniqueIdentifier>{614eb073-2122-4fe1-b528-07ee62180f53}</UniqueIdentifier>
    </Filter>
    <Filter Include="97.TempClass_ForDevelop">
      <UniqueIdentifier>{6be55b51-6ada-4c3b-80eb-2996112febd6}</UniqueIdentifier>
    </Filter>
    <Filter Include="03.Component\00.UI">
      <UniqueIdentifier>{6e98ea24-5743-4425-8722-4ede02a61764}</UniqueIdentifier>
    </Filter>
    <Filter Include="03.Component\00.UI\00.UiAnimCtr">
      <UniqueIdentifier>{6f618887-1947-493e-91fb-7be9673b0a6e}</UniqueIdentifier>
    </Filter>
    <Filter Include="03.Component\00.UI\01.DamageFont">
      <UniqueIdentifier>{51254a6d-c0d4-4550-9140-860bbe8988e7}</UniqueIdentifier>
    </Filter>
    <Filter Include="06.DataLoad">
      <UniqueIdentifier>{4e050859-d9ff-4601-be3e-ce23afd1159b}</UniqueIdentifier>
    </Filter>
    <Filter Include="08.ObjectPool">
      <UniqueIdentifier>{e5f788ac-3f96-48aa-b07a-57601377624f}</UniqueIdentifier>
    </Filter>
    <Filter Include="08.ObjectPool\DamageObjectPool">
      <UniqueIdentifier>{d1895693-21fc-4367-bb77-affbec198982}</UniqueIdentifier>
    </Filter>
    <Filter Include="01.Scene\03.ThreeStageScene">
      <UniqueIdentifier>{8dd069c6-6cc9-4380-9307-4bf16d87bad1}</UniqueIdentifier>
    </Filter>
    <Filter Include="01.Scene\04.StageSelectionScene">
      <UniqueIdentifier>{e203b4f8-512a-4f19-a409-befd6efb4577}</UniqueIdentifier>
    </Filter>
    <Filter Include="01.Scene\05.ReadyToSortieScene">
      <UniqueIdentifier>{e883c7ed-0bd7-4e2f-802e-0973c7198fb8}</UniqueIdentifier>
    </Filter>
    <Filter Include="01.Scene\06.OneStageScene">
      <UniqueIdentifier>{ead88a62-4bf9-459d-90eb-18691c79c998}</UniqueIdentifier>
    </Filter>
    <Filter Include="01.Scene\07.MainRoomScene">
      <UniqueIdentifier>{390502bb-37b5-44b5-a79b-6d5e2a11c73d}</UniqueIdentifier>
    </Filter>
    <Filter Include="01.Scene\08.TwoStageScene">
      <UniqueIdentifier>{2a933889-871f-4d7d-97af-e77cee502da8}</UniqueIdentifier>
    </Filter>
    <Filter Include="01.Scene\09.PartySettingScene">
      <UniqueIdentifier>{30860560-a729-4718-abad-bf80d65e2ecf}</UniqueIdentifier>
    </Filter>
    <Filter Include="03.Component\00.UI\03.Timer">
      <UniqueIdentifier>{74ab1825-01ae-44ed-a11d-f1acc8db8642}</UniqueIdentifier>
    </Filter>
    <Filter Include="09.Manager">
      <UniqueIdentifier>{aaee55bd-5edf-4507-bcc2-29434ee64096}</UniqueIdentifier>
    </Filter>
    <Filter Include="09.Manager\00.ButtonManager">
      <UniqueIdentifier>{c52fecae-3991-4bbf-8108-35ff947ab66a}</UniqueIdentifier>
    </Filter>
    <Filter Include="09.Manager\01.BattleUiManager">
      <UniqueIdentifier>{f3403a50-55bf-4e14-9ea9-ae5e6f3ecc24}</UniqueIdentifier>
    </Filter>
    <Filter Include="03.Component\00.UI\04.HitsUi">
      <UniqueIdentifier>{70fedf36-cfa3-4296-ba3a-c07e95a374da}</UniqueIdentifier>
    </Filter>
    <Filter Include="03.Component\00.UI\02.RotationUi">
      <UniqueIdentifier>{1b2e04ec-4118-4847-8f93-5755640c0439}</UniqueIdentifier>
    </Filter>
    <Filter Include="03.Component\00.UI\05.LifeObject">
      <UniqueIdentifier>{b63dddbc-67bd-4f8e-852f-ea09381d74a9}</UniqueIdentifier>
    </Filter>
    <Filter Include="03.Component\00.UI\06.SkillCollTime">
      <UniqueIdentifier>{e5d81b2f-c56b-45ec-a322-15466f1bebda}</UniqueIdentifier>
    </Filter>
    <Filter Include="03.Component\00.UI\07.AlphaLifeTime">
      <UniqueIdentifier>{a62f0e53-db56-4e99-a888-dfe2f40e2081}</UniqueIdentifier>
    </Filter>
    <Filter Include="03.Component\00.UI\08.BattleRenunciation">
      <UniqueIdentifier>{798eb329-a8de-43a9-bfe3-7062e8f499c6}</UniqueIdentifier>
    </Filter>
    <Filter Include="09.Manager\02.DataManager">
      <UniqueIdentifier>{bac5428c-841a-4c1c-8af5-7102949e32fe}</UniqueIdentifier>
    </Filter>
    <Filter Include="01.Scene\10.BattleEnd">
      <UniqueIdentifier>{6c2d8867-7ca6-4ee7-9b1d-483dc7998edc}</UniqueIdentifier>
    </Filter>
    <Filter Include="97.TempClass_ForDevelop\UILinker">
      <UniqueIdentifier>{eac47758-5e7b-4d2f-a0af-fa0238c2173d}</UniqueIdentifier>
    </Filter>
    <Filter Include="97.TempClass_ForDevelop\StatusDealer">
      <UniqueIdentifier>{1966fe85-0f86-47ae-9684-e6e4f2457d41}</UniqueIdentifier>
    </Filter>
    <Filter Include="98.Include\ClientStructure_Status">
      <UniqueIdentifier>{81dd6d3b-81d0-4830-ab34-47c2f9aafe29}</UniqueIdentifier>
    </Filter>
    <Filter Include="02.Objects\00.ForScene">
      <UniqueIdentifier>{e4188c05-d30b-4b62-b385-9ed72d4ddf71}</UniqueIdentifier>
    </Filter>
    <Filter Include="02.Objects\00.ForScene\00.DecoObject">
      <UniqueIdentifier>{7b7fc362-4064-4f6f-9b0f-7f3797d96661}</UniqueIdentifier>
    </Filter>
    <Filter Include="02.Objects\00.ForScene\01.MapObject">
      <UniqueIdentifier>{1aed8968-743a-41bb-bd4b-c90e7b4a9d44}</UniqueIdentifier>
    </Filter>
    <Filter Include="02.Objects\01.ForUnit">
      <UniqueIdentifier>{b8153a4e-6fa3-47ee-bf23-55a3bca49a64}</UniqueIdentifier>
    </Filter>
    <Filter Include="02.Objects\02.UI">
      <UniqueIdentifier>{6849d882-e3b5-46df-9a05-87399aa649e6}</UniqueIdentifier>
    </Filter>
    <Filter Include="02.Objects\02.UI\00.Button">
      <UniqueIdentifier>{92ae74b4-e5f1-45d6-8db1-4dd89bc97fbc}</UniqueIdentifier>
    </Filter>
    <Filter Include="02.Objects\02.UI\00.Button\00.ButtonFunction">
      <UniqueIdentifier>{585fe866-a339-4585-877e-f5b4f0074060}</UniqueIdentifier>
    </Filter>
    <Filter Include="02.Objects\02.UI\01.ScrollView">
      <UniqueIdentifier>{6608eb7d-47e7-4eff-b4b8-14dc0028b305}</UniqueIdentifier>
    </Filter>
    <Filter Include="02.Objects\03.Effect">
      <UniqueIdentifier>{aac3962e-7511-4415-aac9-726e31ebc547}</UniqueIdentifier>
    </Filter>
    <Filter Include="02.Objects\03.Effect\02.Particle">
      <UniqueIdentifier>{41ed5ef2-4f71-4ef8-876a-e0e554e5d0cc}</UniqueIdentifier>
    </Filter>
    <Filter Include="02.Objects\03.Effect\01.MeshEffect">
      <UniqueIdentifier>{d1f7d984-f4ef-402d-bb25-acdabedd1b89}</UniqueIdentifier>
    </Filter>
    <Filter Include="02.Objects\03.Effect\01.MeshEffect\00.AttackTrail">
      <UniqueIdentifier>{6c604190-9002-483b-b101-fdea514f19af}</UniqueIdentifier>
    </Filter>
    <Filter Include="02.Objects\00.ForScene\02.TrapObject">
      <UniqueIdentifier>{21b389d3-bc77-49f1-8891-166f0eaa6f0f}</UniqueIdentifier>
    </Filter>
    <Filter Include="02.Objects\00.ForScene\03.PhaseChanger">
      <UniqueIdentifier>{1d797f47-aba1-4cf8-a19a-a04fa50dd691}</UniqueIdentifier>
    </Filter>
    <Filter Include="02.Objects\01.ForUnit\00.Valkyrie">
      <UniqueIdentifier>{aae8ad2c-f49d-44a2-967c-9c648d86446d}</UniqueIdentifier>
    </Filter>
    <Filter Include="02.Objects\01.ForUnit\00.Valkyrie\00.Kiana">
      <UniqueIdentifier>{5ffef45e-d9f4-4bc7-9dbe-4f404826fa7d}</UniqueIdentifier>
    </Filter>
    <Filter Include="02.Objects\01.ForUnit\00.Valkyrie\00.Kiana\CatPaw">
      <UniqueIdentifier>{be8f7361-c14b-43b0-8fc6-d45d7014f509}</UniqueIdentifier>
    </Filter>
    <Filter Include="02.Objects\01.ForUnit\00.Valkyrie\00.Kiana\Pistol">
      <UniqueIdentifier>{a270032a-5f28-45bf-a99b-d15810858d17}</UniqueIdentifier>
    </Filter>
    <Filter Include="02.Objects\01.ForUnit\00.Valkyrie\00.Kiana\FSM">
      <UniqueIdentifier>{509a888c-7a65-4ca3-98a0-de4c45a2926c}</UniqueIdentifier>
    </Filter>
    <Filter Include="02.Objects\01.ForUnit\00.Valkyrie\02.Sakura">
      <UniqueIdentifier>{ffd0e5c8-acb7-4886-b398-f13cebef01e1}</UniqueIdentifier>
    </Filter>
    <Filter Include="02.Objects\01.ForUnit\00.Valkyrie\01.Theresa">
      <UniqueIdentifier>{a72f1c22-594a-4366-ad8a-6a4d215d293e}</UniqueIdentifier>
    </Filter>
    <Filter Include="02.Objects\01.ForUnit\00.Valkyrie\01.Theresa\FSM">
      <UniqueIdentifier>{869cc9cd-0cc6-40e1-8084-403e767a79bd}</UniqueIdentifier>
    </Filter>
    <Filter Include="02.Objects\01.ForUnit\01.Monster">
      <UniqueIdentifier>{211598c1-eb0b-4768-907e-f8852aceae34}</UniqueIdentifier>
    </Filter>
    <Filter Include="02.Objects\01.ForUnit\01.Monster\MO_Spider">
      <UniqueIdentifier>{c018753b-4459-4729-9aa1-f124989a2513}</UniqueIdentifier>
    </Filter>
    <Filter Include="02.Objects\01.ForUnit\01.Monster\MO_Spider\FSM">
      <UniqueIdentifier>{7522bdb1-bd70-4493-a8f5-8c6c3a6056e0}</UniqueIdentifier>
    </Filter>
    <Filter Include="02.Objects\01.ForUnit\01.Monster\MO_Lancer">
      <UniqueIdentifier>{bb69a5fb-20de-4a03-ab41-683c5fd6e336}</UniqueIdentifier>
    </Filter>
    <Filter Include="02.Objects\01.ForUnit\01.Monster\MO_Lancer\FSM">
      <UniqueIdentifier>{4e0ba9d9-963e-475a-8210-13967c4f6c64}</UniqueIdentifier>
    </Filter>
    <Filter Include="02.Objects\01.ForUnit\01.Monster\MO_Robot">
      <UniqueIdentifier>{ba62fde9-0141-45f2-af69-39aa74f7a62f}</UniqueIdentifier>
    </Filter>
    <Filter Include="02.Objects\01.ForUnit\01.Monster\MO_Robot\FSM">
      <UniqueIdentifier>{3b0a3ddb-d67a-4b37-990b-dc1a93a8327e}</UniqueIdentifier>
    </Filter>
    <Filter Include="02.Objects\01.ForUnit\01.Monster\MO_Axe">
      <UniqueIdentifier>{0799b1ba-0a55-4c92-a407-982145d97033}</UniqueIdentifier>
    </Filter>
    <Filter Include="02.Objects\01.ForUnit\01.Monster\MO_Axe\FSM">
      <UniqueIdentifier>{3eaf9202-679f-4a20-be62-eb8cb514651f}</UniqueIdentifier>
    </Filter>
    <Filter Include="02.Objects\01.ForUnit\01.Monster\MB_Ganesha">
      <UniqueIdentifier>{2fa8eab6-5f66-4214-95e7-63aa87abeea0}</UniqueIdentifier>
    </Filter>
    <Filter Include="02.Objects\01.ForUnit\01.Monster\MB_Ganesha\FSM">
      <UniqueIdentifier>{bff33868-824f-4a3e-b8ff-9da142bd33df}</UniqueIdentifier>
    </Filter>
    <Filter Include="02.Objects\01.ForUnit\01.Monster\MB_Bronya">
      <UniqueIdentifier>{199e26cf-2e27-428b-aeee-038a13fbf1b8}</UniqueIdentifier>
    </Filter>
    <Filter Include="02.Objects\01.ForUnit\01.Monster\MB_Bronya\FSM">
      <UniqueIdentifier>{a2a6ee26-793f-4a1d-a827-953fe02c31ef}</UniqueIdentifier>
    </Filter>
    <Filter Include="02.Objects\01.ForUnit\01.Monster\MO_Ninza">
      <UniqueIdentifier>{253154c8-bf6c-479a-8074-94a34e30d62b}</UniqueIdentifier>
    </Filter>
    <Filter Include="02.Objects\01.ForUnit\01.Monster\MO_Ninza\FSM">
      <UniqueIdentifier>{786bfeb7-e733-441b-8308-4c6105746e6f}</UniqueIdentifier>
    </Filter>
    <Filter Include="02.Objects\01.ForUnit\01.Monster\MO_Scout">
      <UniqueIdentifier>{974ca1cf-b207-48aa-8298-c5b132ab2142}</UniqueIdentifier>
    </Filter>
    <Filter Include="02.Objects\01.ForUnit\01.Monster\MO_Scout\FSM">
      <UniqueIdentifier>{d43ade6f-b909-4463-82fd-080a74f138fa}</UniqueIdentifier>
    </Filter>
    <Filter Include="02.Objects\01.ForUnit\01.Monster\MO_Sickle">
      <UniqueIdentifier>{4cd5a533-956a-4dc9-8808-8a4f78b305f2}</UniqueIdentifier>
    </Filter>
    <Filter Include="02.Objects\01.ForUnit\01.Monster\MO_Sickle\FSM">
      <UniqueIdentifier>{8ed4d699-c3c9-422d-a26b-23bd53bdddb9}</UniqueIdentifier>
    </Filter>
    <Filter Include="02.Objects\01.ForUnit\02.AttackBall">
      <UniqueIdentifier>{54d923a6-b9d4-41d7-9ffa-d7f4dd868fc6}</UniqueIdentifier>
    </Filter>
    <Filter Include="02.Objects\01.ForUnit\01.Monster\ATBSystem">
      <UniqueIdentifier>{92f11ab2-1bca-4d9a-8b88-bc4a92b2d1a1}</UniqueIdentifier>
    </Filter>
    <Filter Include="02.Objects\01.ForUnit\01.Monster\MO_Sickle\Pattern">
      <UniqueIdentifier>{21afe87b-b282-483c-b349-155160f77a41}</UniqueIdentifier>
    </Filter>
    <Filter Include="02.Objects\01.ForUnit\01.Monster\ATBSystem\Component">
      <UniqueIdentifier>{b5c7dd88-220d-4b34-8282-bbab5c886ff8}</UniqueIdentifier>
    </Filter>
    <Filter Include="02.Objects\01.ForUnit\01.Monster\MO_Sickle\Pattern\00.Born">
      <UniqueIdentifier>{3cfe2250-14c4-49fc-888e-0637a4c44329}</UniqueIdentifier>
    </Filter>
    <Filter Include="02.Objects\01.ForUnit\01.Monster\MO_Sickle\Pattern\01.Die">
      <UniqueIdentifier>{78469b04-6508-4765-a4e7-c4400502a247}</UniqueIdentifier>
    </Filter>
    <Filter Include="02.Objects\01.ForUnit\01.Monster\MO_Sickle\Pattern\03.Select">
      <UniqueIdentifier>{27f022f9-ca4a-40c4-a40a-11fc4bda2836}</UniqueIdentifier>
    </Filter>
    <Filter Include="02.Objects\01.ForUnit\01.Monster\MO_Sickle\Pattern\04.Base">
      <UniqueIdentifier>{f077e342-8143-4eb5-8a12-32bb1f84d27d}</UniqueIdentifier>
    </Filter>
    <Filter Include="02.Objects\01.ForUnit\01.Monster\MO_Sickle\Pattern\02.Hit">
      <UniqueIdentifier>{44f19451-b6f4-4a6e-9e27-f8f6ccb90302}</UniqueIdentifier>
    </Filter>
    <Filter Include="02.Objects\01.ForUnit\01.Monster\MO_Sickle\Pattern\03.Select\00.Atk02">
      <UniqueIdentifier>{7950979c-3485-4348-afab-5164b8ba418e}</UniqueIdentifier>
    </Filter>
    <Filter Include="03.Component\00.UI\09.MonsterSlider">
      <UniqueIdentifier>{4df59e10-5cba-48dd-b315-8421ae81eb86}</UniqueIdentifier>
    </Filter>
    <Filter Include="02.Objects\02.UI">
      <UniqueIdentifier>{6849d882-e3b5-46df-9a05-87399aa649e6}</UniqueIdentifier>
    </Filter>
    <Filter Include="02.Objects\02.UI\00.Button">
      <UniqueIdentifier>{92ae74b4-e5f1-45d6-8db1-4dd89bc97fbc}</UniqueIdentifier>
    </Filter>
    <Filter Include="02.Objects\02.UI\00.Button\00.ButtonFunction">
      <UniqueIdentifier>{585fe866-a339-4585-877e-f5b4f0074060}</UniqueIdentifier>
    </Filter>
    <Filter Include="02.Objects\02.UI\01.ScrollView">
      <UniqueIdentifier>{6608eb7d-47e7-4eff-b4b8-14dc0028b305}</UniqueIdentifier>
    </Filter>
    <Filter Include="02.Objects\03.Effect">
      <UniqueIdentifier>{aac3962e-7511-4415-aac9-726e31ebc547}</UniqueIdentifier>
    </Filter>
    <Filter Include="02.Objects\03.Effect\02.Particle">
      <UniqueIdentifier>{41ed5ef2-4f71-4ef8-876a-e0e554e5d0cc}</UniqueIdentifier>
    </Filter>
    <Filter Include="02.Objects\03.Effect\01.MeshEffect">
      <UniqueIdentifier>{d1f7d984-f4ef-402d-bb25-acdabedd1b89}</UniqueIdentifier>
    </Filter>
    <Filter Include="02.Objects\03.Effect\01.MeshEffect\00.AttackTrail">
      <UniqueIdentifier>{6c604190-9002-483b-b101-fdea514f19af}</UniqueIdentifier>
    </Filter>
    <Filter Include="02.Objects\00.ForScene\02.TrapObject">
      <UniqueIdentifier>{21b389d3-bc77-49f1-8891-166f0eaa6f0f}</UniqueIdentifier>
    </Filter>
    <Filter Include="02.Objects\00.ForScene\03.PhaseChanger">
      <UniqueIdentifier>{1d797f47-aba1-4cf8-a19a-a04fa50dd691}</UniqueIdentifier>
    </Filter>
    <Filter Include="02.Objects\04.Item">
      <UniqueIdentifier>{777bc2af-ce9b-40d5-9e08-d9195d7c1e71}</UniqueIdentifier>
    </Filter>
    <Filter Include="02.Objects\01.ForUnit\01.Monster\MO_Dummy">
      <UniqueIdentifier>{85adc61e-9908-4314-bfcd-a1d48a3e9a3e}</UniqueIdentifier>
    </Filter>
    <Filter Include="03.Component\01.Glitter">
      <UniqueIdentifier>{6891e3f5-01dc-4912-8c4e-2965684858ef}</UniqueIdentifier>
    </Filter>
    <Filter Include="02.Objects\03.Effect\01.MeshEffect\01.AttackRange_Circle">
      <UniqueIdentifier>{b4f8eee6-b7fb-4542-8b53-0de7067f7a1f}</UniqueIdentifier>
    </Filter>
    <Filter Include="03.Component\00.UI\10.SkillActivation">
      <UniqueIdentifier>{32868f76-d66f-4f14-8407-2aee397cb560}</UniqueIdentifier>
    </Filter>
    <Filter Include="02.Objects\01.ForUnit\01.Monster\MO_Spider\Pattern">
      <UniqueIdentifier>{06991eb5-65ed-4f0a-b41f-435b67fd2e2f}</UniqueIdentifier>
    </Filter>
    <Filter Include="02.Objects\01.ForUnit\01.Monster\MO_Spider\Pattern\00.Born">
      <UniqueIdentifier>{415abffa-1d56-4542-94b1-9742a1f43037}</UniqueIdentifier>
    </Filter>
    <Filter Include="02.Objects\01.ForUnit\01.Monster\MO_Spider\Pattern\01.Die">
      <UniqueIdentifier>{848f73b8-fa0a-4797-bd0b-d9fdeb02f352}</UniqueIdentifier>
    </Filter>
    <Filter Include="02.Objects\01.ForUnit\01.Monster\MO_Spider\Pattern\02.Hit">
      <UniqueIdentifier>{eea6f2d3-4d6f-448e-a93d-66ae0a744472}</UniqueIdentifier>
    </Filter>
    <Filter Include="02.Objects\01.ForUnit\01.Monster\MO_Spider\Pattern\03.Select">
      <UniqueIdentifier>{1cfac773-33f8-4d4f-9922-ba2fba72a503}</UniqueIdentifier>
    </Filter>
    <Filter Include="02.Objects\01.ForUnit\01.Monster\MO_Spider\Pattern\04.Base">
      <UniqueIdentifier>{b9862242-5553-4ace-8c4a-43157fd7c975}</UniqueIdentifier>
    </Filter>
    <Filter Include="02.Objects\01.ForUnit\01.Monster\MB_Ganesha\Pattern">
      <UniqueIdentifier>{5477e8c8-3202-4050-b53f-26670933eda6}</UniqueIdentifier>
    </Filter>
    <Filter Include="02.Objects\01.ForUnit\01.Monster\MB_Ganesha\Pattern\00.Born">
      <UniqueIdentifier>{cf169aeb-550d-47dc-b59d-b91be768dd62}</UniqueIdentifier>
    </Filter>
    <Filter Include="02.Objects\01.ForUnit\01.Monster\MB_Ganesha\Pattern\01.Die">
      <UniqueIdentifier>{9cc04ed8-b445-4263-88f9-6b165b0d1b7a}</UniqueIdentifier>
    </Filter>
    <Filter Include="02.Objects\01.ForUnit\01.Monster\MB_Ganesha\Pattern\02.Hit">
      <UniqueIdentifier>{f8d58ca7-145c-45f8-a1f5-e63dbf2bc72b}</UniqueIdentifier>
    </Filter>
    <Filter Include="02.Objects\01.ForUnit\01.Monster\MB_Ganesha\Pattern\03.Select">
      <UniqueIdentifier>{5232c301-1e47-4955-b4cb-4df6032c61ea}</UniqueIdentifier>
    </Filter>
    <Filter Include="02.Objects\01.ForUnit\01.Monster\MB_Ganesha\Pattern\04.Base">
      <UniqueIdentifier>{3ff14974-952d-4ccb-9a1c-0760c4b8e70e}</UniqueIdentifier>
    </Filter>
    <Filter Include="02.Objects\01.ForUnit\01.Monster\MB_Ganesha\Pattern\03.Select\00.Stamp">
      <UniqueIdentifier>{eed6600f-2a61-4f9e-90f0-f99213a36f00}</UniqueIdentifier>
    </Filter>
    <Filter Include="02.Objects\01.ForUnit\01.Monster\MB_Ganesha\Pattern\03.Select\01.Roll01">
      <UniqueIdentifier>{6026440e-c984-4f9d-8aa3-ea16ba737f2c}</UniqueIdentifier>
    </Filter>
    <Filter Include="02.Objects\01.ForUnit\01.Monster\MB_Ganesha\Pattern\03.Select\02.Roll02">
      <UniqueIdentifier>{4d0bf10b-db18-46c1-b52a-bdd9b6153dd3}</UniqueIdentifier>
    </Filter>
    <Filter Include="02.Objects\01.ForUnit\01.Monster\MB_Ganesha\Pattern\03.Select\03.Burst01">
      <UniqueIdentifier>{892536a5-1e83-4f29-9a49-d0116c0db9c4}</UniqueIdentifier>
    </Filter>
    <Filter Include="02.Objects\01.ForUnit\01.Monster\MB_Ganesha\Pattern\03.Select\04.Burst02">
      <UniqueIdentifier>{bbdb4df4-0f51-4d48-a38f-3fe2a837f3c0}</UniqueIdentifier>
    </Filter>
    <Filter Include="03.Component\00.UI\11.TargetPos">
      <UniqueIdentifier>{5239baf1-b0c9-4da0-b9dd-4922cb76757b}</UniqueIdentifier>
    </Filter>
    <Filter Include="04.Shader">
      <UniqueIdentifier>{9ce06580-fa70-44fd-a34e-0ce6c1112db1}</UniqueIdentifier>
    </Filter>
    <Filter Include="04.Shader\00.WaterShader">
      <UniqueIdentifier>{2b3744a5-c07c-461c-a730-0e5e3b0c6698}</UniqueIdentifier>
    </Filter>
    <Filter Include="04.Shader\01.EffectShader">
      <UniqueIdentifier>{39d3bec7-199e-452c-b74d-09172005fc84}</UniqueIdentifier>
    </Filter>
    <Filter Include="04.Shader\02.DamageFontShader">
      <UniqueIdentifier>{0ba5a878-5813-49ff-8079-14724d3cb4ea}</UniqueIdentifier>
    </Filter>
    <Filter Include="04.Shader\03.CatPawShader">
      <UniqueIdentifier>{79ca6d77-e451-452c-9f01-8aab630fa739}</UniqueIdentifier>
    </Filter>
    <Filter Include="04.Shader\04.CircularGaugeShader">
      <UniqueIdentifier>{6498d179-2cd6-41bd-beea-127f182189c0}</UniqueIdentifier>
    </Filter>
    <Filter Include="04.Shader\05.MeshTrailShader">
      <UniqueIdentifier>{a61f6061-73a1-4408-bdf6-09e28c9b96c6}</UniqueIdentifier>
    </Filter>
    <Filter Include="04.Shader\06.DissolveShader">
      <UniqueIdentifier>{446380b0-babf-454d-ac8e-5a3d906cdef8}</UniqueIdentifier>
    </Filter>
    <Filter Include="04.Shader\07.SpawnEffectShader">
      <UniqueIdentifier>{f45bedaf-8fcb-4a27-84ba-1b33b00e5da1}</UniqueIdentifier>
    </Filter>
    <Filter Include="04.Shader\08.SoftEffectShader">
      <UniqueIdentifier>{e547720a-cadb-4e77-9425-811e7ebc8d62}</UniqueIdentifier>
    </Filter>
    <Filter Include="04.Shader\09.AttackRangeShader">
      <UniqueIdentifier>{afb5da92-a9b4-40be-a70c-f1bc52966bce}</UniqueIdentifier>
    </Filter>
    <Filter Include="09.Manager\02.DataManager\00.CaptainData">
      <UniqueIdentifier>{4ab6ea9f-9f60-4d36-98ae-4e925f0fac7c}</UniqueIdentifier>
    </Filter>
    <Filter Include="09.Manager\02.DataManager\01.InStockValkyrieData">
      <UniqueIdentifier>{8462a6b8-8dfc-4bbe-a435-d966095a5b64}</UniqueIdentifier>
    </Filter>
    <Filter Include="09.Manager\02.DataManager\02.ValkyrieStatusData">
      <UniqueIdentifier>{f058cc86-969f-42b0-90a9-72d74023dc52}</UniqueIdentifier>
    </Filter>
    <Filter Include="09.Manager\02.DataManager\03.SquadData">
      <UniqueIdentifier>{82cbad81-9bf6-4f1a-b419-517533b40a3d}</UniqueIdentifier>
    </Filter>
    <Filter Include="09.Manager\02.DataManager\04.CWeaponData">
      <UniqueIdentifier>{44c9921e-015d-4f0c-94e7-a839653e2557}</UniqueIdentifier>
    </Filter>
    <Filter Include="09.Manager\02.DataManager\05.ItemData">
      <UniqueIdentifier>{761915c7-b664-4867-8764-42c99390d9e5}</UniqueIdentifier>
    </Filter>
    <Filter Include="09.Manager\03.MainRoomManager">
      <UniqueIdentifier>{d35ac856-8148-40f1-997e-1b2a2426b88a}</UniqueIdentifier>
    </Filter>
    <Filter Include="02.Objects\01.ForUnit\00.Valkyrie\00.Kiana\Ring">
      <UniqueIdentifier>{fe6ee4c9-0f3f-4e9b-a656-034ccf462479}</UniqueIdentifier>
    </Filter>
    <Filter Include="09.Manager\04.StageSelectionManager">
      <UniqueIdentifier>{18880be9-fe9c-425b-86ca-070e2abc27ee}</UniqueIdentifier>
    </Filter>
    <Filter Include="09.Manager\05.ReadyToSortieManager">
      <UniqueIdentifier>{b8adff24-4bd8-489c-a0f1-5b238a5be961}</UniqueIdentifier>
    </Filter>
    <Filter Include="02.Objects\01.ForUnit\03.AttackBox">
      <UniqueIdentifier>{0e8be3c0-67f2-4a21-a668-aa555d2cd52f}</UniqueIdentifier>
    </Filter>
    <Filter Include="02.Objects\00.ForScene\04.MapObject2D">
      <UniqueIdentifier>{c53797e0-9e70-4a90-b0e3-6e2a229f6a0b}</UniqueIdentifier>
    </Filter>
    <Filter Include="97.TempClass_ForDevelop\PhaseControl">
      <UniqueIdentifier>{81b3c7d2-a80a-4218-984d-4418a121a717}</UniqueIdentifier>
    </Filter>
    <Filter Include="97.TempClass_ForDevelop\PhaseControl\00.OneStage">
      <UniqueIdentifier>{8fc039bb-be6e-4608-a5cb-21e186ebcfd8}</UniqueIdentifier>
    </Filter>
  </ItemGroup>
  <ItemGroup>
    <ClInclude Include="Resource.h">
      <Filter>99.Default</Filter>
    </ClInclude>
    <ClInclude Include="stdafx.h">
      <Filter>99.Default</Filter>
    </ClInclude>
    <ClInclude Include="targetver.h">
      <Filter>99.Default</Filter>
    </ClInclude>
    <ClInclude Include="Client.h">
      <Filter>99.Default</Filter>
    </ClInclude>
    <ClInclude Include="..\Header\MainApp.h">
      <Filter>00.MainApp</Filter>
    </ClInclude>
    <ClInclude Include="..\Header\ChangmoScene.h">
      <Filter>01.Scene\02.PrivateScene\00.Changmo</Filter>
    </ClInclude>
    <ClInclude Include="..\Header\ClientEnum.h">
      <Filter>98.Include</Filter>
    </ClInclude>
    <ClInclude Include="..\Header\ClientMacro.h">
      <Filter>98.Include</Filter>
    </ClInclude>
    <ClInclude Include="..\Header\ClientStructure.h">
      <Filter>98.Include</Filter>
    </ClInclude>
    <ClInclude Include="..\Header\ClientTypedef.h">
      <Filter>98.Include</Filter>
    </ClInclude>
    <ClInclude Include="..\Header\ClientDefine.h">
      <Filter>98.Include</Filter>
    </ClInclude>
    <ClInclude Include="..\Header\YongScene.h">
      <Filter>01.Scene\02.PrivateScene\00.YongScene</Filter>
    </ClInclude>
    <ClInclude Include="..\Header\WooScene.h">
      <Filter>01.Scene\02.PrivateScene\00.WooScene</Filter>
    </ClInclude>
    <ClInclude Include="..\Header\DongScene.h">
      <Filter>01.Scene\02.PrivateScene\00.DongScene</Filter>
    </ClInclude>
    <ClInclude Include="..\Header\JongScene.h">
      <Filter>01.Scene\02.PrivateScene\00.JongScene</Filter>
    </ClInclude>
    <ClInclude Include="..\Header\Loading.h">
      <Filter>01.Scene\99.Loading</Filter>
    </ClInclude>
    <ClInclude Include="..\Header\StaticScene.h">
      <Filter>01.Scene\01.StaticScene</Filter>
    </ClInclude>
    <ClInclude Include="..\Header\InitScene.h">
      <Filter>01.Scene\00.InitScene</Filter>
    </ClInclude>
    <ClInclude Include="..\Header\Kiana.h">
      <Filter>02.Objects\01.ForUnit\00.Valkyrie\00.Kiana</Filter>
    </ClInclude>
    <ClInclude Include="..\Header\Monster.h">
      <Filter>02.Objects\01.ForUnit\01.Monster</Filter>
    </ClInclude>
    <ClInclude Include="..\Header\FSM_SpiderC.h">
      <Filter>02.Objects\01.ForUnit\01.Monster\MO_Spider\FSM</Filter>
    </ClInclude>
    <ClInclude Include="..\Header\MO_Spider.h">
      <Filter>02.Objects\01.ForUnit\01.Monster\MO_Spider</Filter>
    </ClInclude>
    <ClInclude Include="..\Header\MO_Robot.h">
      <Filter>02.Objects\01.ForUnit\01.Monster\MO_Robot</Filter>
    </ClInclude>
    <ClInclude Include="..\Header\MO_Axe.h">
      <Filter>02.Objects\01.ForUnit\01.Monster\MO_Axe</Filter>
    </ClInclude>
    <ClInclude Include="..\Header\MB_Ganesha.h">
      <Filter>02.Objects\01.ForUnit\01.Monster\MB_Ganesha</Filter>
    </ClInclude>
    <ClInclude Include="..\Header\MB_Bronya.h">
      <Filter>02.Objects\01.ForUnit\01.Monster\MB_Bronya</Filter>
    </ClInclude>
    <ClInclude Include="..\Header\MO_Ninza.h">
      <Filter>02.Objects\01.ForUnit\01.Monster\MO_Ninza</Filter>
    </ClInclude>
    <ClInclude Include="..\Header\MO_Scout.h">
      <Filter>02.Objects\01.ForUnit\01.Monster\MO_Scout</Filter>
    </ClInclude>
    <ClInclude Include="..\Header\Monster.h">
      <Filter>02.Objects\Monster</Filter>
    </ClInclude>
    <ClInclude Include="..\Header\FSM_ScoutC.h">
      <Filter>02.Objects\01.ForUnit\01.Monster\MO_Scout\FSM</Filter>
    </ClInclude>
    <ClInclude Include="..\Header\FSM_RobotC.h">
      <Filter>02.Objects\01.ForUnit\01.Monster\MO_Robot\FSM</Filter>
    </ClInclude>
    <ClInclude Include="..\Header\FSM_NinzaC.h">
      <Filter>02.Objects\01.ForUnit\01.Monster\MO_Ninza\FSM</Filter>
    </ClInclude>
    <ClInclude Include="..\Header\MO_Lancer.h">
      <Filter>02.Objects\01.ForUnit\01.Monster\MO_Lancer</Filter>
    </ClInclude>
    <ClInclude Include="..\Header\FSM_LancerC.h">
      <Filter>02.Objects\01.ForUnit\01.Monster\MO_Lancer\FSM</Filter>
    </ClInclude>
    <ClInclude Include="..\Header\FSM_AxeC.h">
      <Filter>02.Objects\01.ForUnit\01.Monster\MO_Axe\FSM</Filter>
    </ClInclude>
    <ClInclude Include="..\Header\FSM_GaneshaC.h">
      <Filter>02.Objects\01.ForUnit\01.Monster\MB_Ganesha\FSM</Filter>
    </ClInclude>
    <ClInclude Include="..\Header\FSM_BronyaC.h">
      <Filter>02.Objects\01.ForUnit\01.Monster\MB_Bronya\FSM</Filter>
    </ClInclude>
    <ClInclude Include="..\Header\DeleGate.h">
      <Filter>05.DeleGate</Filter>
    </ClInclude>
    <ClInclude Include="..\Header\Valkyrie.h">
      <Filter>02.Objects\01.ForUnit\00.Valkyrie</Filter>
    </ClInclude>
    <ClInclude Include="..\Header\Button.h">
      <Filter>02.Objects\02.UI\00.Button</Filter>
    </ClInclude>
    <ClInclude Include="..\Header\ScrollViewObject.h">
      <Filter>02.Objects\02.UI\01.ScrollView</Filter>
    </ClInclude>
    <ClInclude Include="..\Header\ButtonManager.h">
      <Filter>09.Manager\00.ButtonManager</Filter>
    </ClInclude>
    <ClInclude Include="..\Header\ClientScene.h">
      <Filter>01.Scene</Filter>
    </ClInclude>
    <ClInclude Include="..\Header\FSM_KianaC.h">
      <Filter>02.Objects\01.ForUnit\00.Valkyrie\00.Kiana\FSM</Filter>
    </ClInclude>
    <ClInclude Include="..\Header\UiAnimCtrC.h">
      <Filter>03.Component\00.UI\00.UiAnimCtr</Filter>
    </ClInclude>
    <ClInclude Include="..\Header\MainRoomScene.h">
      <Filter>01.Scene\07.MainRoomScene</Filter>
    </ClInclude>
    <ClInclude Include="..\Header\OneStageScene.h">
      <Filter>01.Scene\06.OneStageScene</Filter>
    </ClInclude>
    <ClInclude Include="..\Header\ReadyToSortieScene.h">
      <Filter>01.Scene\05.ReadyToSortieScene</Filter>
    </ClInclude>
    <ClInclude Include="..\Header\StageSelectionScene.h">
      <Filter>01.Scene\04.StageSelectionScene</Filter>
    </ClInclude>
    <ClInclude Include="..\Header\ThreeStageScene.h">
      <Filter>01.Scene\03.ThreeStageScene</Filter>
    </ClInclude>
    <ClInclude Include="..\Header\TwoStageScene.h">
      <Filter>01.Scene\08.TwoStageScene</Filter>
    </ClInclude>
    <ClInclude Include="..\Header\PartySettingScene.h">
      <Filter>01.Scene\09.PartySettingScene</Filter>
    </ClInclude>
    <ClInclude Include="..\Header\DamageFontC.h">
      <Filter>03.Component\00.UI\01.DamageFont</Filter>
    </ClInclude>
    <ClInclude Include="..\Header\ButtonFunction.h">
      <Filter>02.Objects\02.UI\00.Button\00.ButtonFunction</Filter>
    </ClInclude>
    <ClInclude Include="..\Header\DataLoad.h">
      <Filter>06.DataLoad</Filter>
    </ClInclude>
    <ClInclude Include="..\Header\DamageObjectPool.h">
      <Filter>08.ObjectPool\DamageObjectPool</Filter>
    </ClInclude>
    <ClInclude Include="..\Header\FSMDefine_Kiana.h">
      <Filter>02.Objects\01.ForUnit\00.Valkyrie\00.Kiana</Filter>
    </ClInclude>
    <ClInclude Include="..\Header\Kiana_CatPaw_Atk01.h">
      <Filter>02.Objects\01.ForUnit\00.Valkyrie\00.Kiana\CatPaw</Filter>
    </ClInclude>
    <ClInclude Include="..\Header\Kiana_CatPaw_Atk02.h">
      <Filter>02.Objects\01.ForUnit\00.Valkyrie\00.Kiana\CatPaw</Filter>
    </ClInclude>
    <ClInclude Include="..\Header\Kiana_CatPaw_Atk03.h">
      <Filter>02.Objects\01.ForUnit\00.Valkyrie\00.Kiana\CatPaw</Filter>
    </ClInclude>
    <ClInclude Include="..\Header\Kiana_CatPaw_Atk04.h">
      <Filter>02.Objects\01.ForUnit\00.Valkyrie\00.Kiana\CatPaw</Filter>
    </ClInclude>
    <ClInclude Include="..\Header\Kiana_CatPaw_Atk05.h">
      <Filter>02.Objects\01.ForUnit\00.Valkyrie\00.Kiana\CatPaw</Filter>
    </ClInclude>
    <ClInclude Include="..\Header\RotationUiC.h">
      <Filter>03.Component\00.UI\02.RotationUi</Filter>
    </ClInclude>
    <ClInclude Include="..\Header\BattleUiManager.h">
      <Filter>09.Manager\01.BattleUiManager</Filter>
    </ClInclude>
    <ClInclude Include="..\Header\HitsUiC.h">
      <Filter>03.Component\00.UI\04.HitsUi</Filter>
    </ClInclude>
    <ClInclude Include="..\Header\TimerUiC.h">
      <Filter>03.Component\00.UI\03.Timer</Filter>
    </ClInclude>
    <ClInclude Include="..\Header\ClientFunction.h">
      <Filter>98.Include</Filter>
    </ClInclude>
    <ClInclude Include="..\Header\MO_Sickle.h">
      <Filter>02.Objects\01.ForUnit\01.Monster\MO_Sickle</Filter>
    </ClInclude>
    <ClInclude Include="..\Header\FSM_SickleC.h">
      <Filter>02.Objects\01.ForUnit\01.Monster\MO_Sickle\FSM</Filter>
    </ClInclude>
    <ClInclude Include="..\Header\FSMDefine_Axe.h">
      <Filter>02.Objects\01.ForUnit\01.Monster\MO_Axe\FSM</Filter>
    </ClInclude>
    <ClInclude Include="..\Header\FSMDefine_Spider.h">
      <Filter>02.Objects\01.ForUnit\01.Monster\MO_Spider\FSM</Filter>
    </ClInclude>
    <ClInclude Include="..\Header\FSMDefine_Sickle.h">
      <Filter>02.Objects\01.ForUnit\01.Monster\MO_Sickle\FSM</Filter>
    </ClInclude>
    <ClInclude Include="..\Header\Kiana_Pistol_USP45.h">
      <Filter>02.Objects\01.ForUnit\00.Valkyrie\00.Kiana\Pistol</Filter>
    </ClInclude>
    <ClInclude Include="..\Header\Theresa.h">
      <Filter>02.Objects\01.ForUnit\00.Valkyrie\01.Theresa</Filter>
    </ClInclude>
    <ClInclude Include="..\Header\SkillCollTimcC.h">
      <Filter>03.Component\00.UI\06.SkillCollTime</Filter>
    </ClInclude>
    <ClInclude Include="..\Header\LifeObjectC.h">
      <Filter>03.Component\00.UI\05.LifeObject</Filter>
    </ClInclude>
    <ClInclude Include="AlphaLifeTimeC.h">
      <Filter>03.Component\00.UI\07.AlphaLifeTime</Filter>
    </ClInclude>
    <ClInclude Include="..\Header\BattleRenunciationC.h">
      <Filter>03.Component\00.UI\08.BattleRenunciation</Filter>
    </ClInclude>
    <ClInclude Include="..\Header\MapObject.h">
      <Filter>02.Objects\00.ForScene\01.MapObject</Filter>
    </ClInclude>
    <ClInclude Include="..\Header\MeshEffect_Client.h">
      <Filter>02.Objects\03.Effect\01.MeshEffect</Filter>
    </ClInclude>
    <ClInclude Include="..\Header\AttackTrail_Client.h">
      <Filter>02.Objects\03.Effect\01.MeshEffect\00.AttackTrail</Filter>
    </ClInclude>
    <ClInclude Include="..\Header\BattleEndScene.h">
      <Filter>01.Scene\10.BattleEnd</Filter>
    </ClInclude>
    <ClInclude Include="..\Header\Include_ForTest.h">
      <Filter>01.Scene\06.OneStageScene</Filter>
    </ClInclude>
    <ClInclude Include="..\Header\FSM_TheresaC.h">
      <Filter>02.Objects\01.ForUnit\00.Valkyrie\01.Theresa\FSM</Filter>
    </ClInclude>
    <ClInclude Include="..\Header\StatusDealer.h">
      <Filter>97.TempClass_ForDevelop\StatusDealer</Filter>
    </ClInclude>
    <ClInclude Include="..\Header\UILinker.h">
      <Filter>97.TempClass_ForDevelop\UILinker</Filter>
    </ClInclude>
    <ClInclude Include="..\Header\StageControlTower.h">
      <Filter>97.TempClass_ForDevelop</Filter>
    </ClInclude>
    <ClInclude Include="..\Header\ClientStructure_ValkyrieStatus.h">
      <Filter>98.Include\ClientStructure_Status</Filter>
    </ClInclude>
    <ClInclude Include="..\Header\ClientStructure_MonsterStatus.h">
      <Filter>98.Include\ClientStructure_Status</Filter>
    </ClInclude>
    <ClInclude Include="..\Header\AttackBall.h">
      <Filter>02.Objects\01.ForUnit\02.AttackBall</Filter>
    </ClInclude>
    <ClInclude Include="..\Header\DecoObject.h">
      <Filter>02.Objects\00.ForScene\00.DecoObject</Filter>
    </ClInclude>
    <ClInclude Include="..\Header\TrapObject.h">
      <Filter>02.Objects\00.ForScene\02.TrapObject</Filter>
    </ClInclude>
    <ClInclude Include="..\Header\PhaseChanger.h">
      <Filter>02.Objects\00.ForScene\03.PhaseChanger</Filter>
    </ClInclude>
    <ClInclude Include="..\Header\ATBPattern.h">
      <Filter>02.Objects\01.ForUnit\01.Monster\ATBSystem</Filter>
    </ClInclude>
    <ClInclude Include="..\Header\PatternMachineC.h">
      <Filter>02.Objects\01.ForUnit\01.Monster\ATBSystem\Component</Filter>
    </ClInclude>
    <ClInclude Include="..\Header\SickleBasePattern.h">
      <Filter>02.Objects\01.ForUnit\01.Monster\MO_Sickle\Pattern\04.Base</Filter>
    </ClInclude>
    <ClInclude Include="..\Header\SickleBornPattern.h">
      <Filter>02.Objects\01.ForUnit\01.Monster\MO_Sickle\Pattern\00.Born</Filter>
    </ClInclude>
    <ClInclude Include="..\Header\ClientPatterns.h">
      <Filter>98.Include</Filter>
    </ClInclude>
    <ClInclude Include="..\Header\SickleDiePattern.h">
      <Filter>02.Objects\01.ForUnit\01.Monster\MO_Sickle\Pattern\01.Die</Filter>
    </ClInclude>
    <ClInclude Include="..\Header\SickleHitPattern.h">
      <Filter>02.Objects\01.ForUnit\01.Monster\MO_Sickle\Pattern\02.Hit</Filter>
    </ClInclude>
    <ClInclude Include="..\Header\SickleAtk02Pattern.h">
      <Filter>02.Objects\01.ForUnit\01.Monster\MO_Sickle\Pattern\03.Select\00.Atk02</Filter>
    </ClInclude>
    <ClInclude Include="..\Header\MonsterSliderC.h">
      <Filter>03.Component\00.UI\09.MonsterSlider</Filter>
    </ClInclude>
    <ClInclude Include="..\Header\GlitterC.h">
      <Filter>03.Component\01.Glitter</Filter>
    </ClInclude>
    <ClInclude Include="..\Header\Item.h">
      <Filter>02.Objects\04.Item</Filter>
    </ClInclude>
    <ClInclude Include="..\Header\Include_Valkyrie.h">
      <Filter>01.Scene\01.StaticScene</Filter>
    </ClInclude>
    <ClInclude Include="..\Header\AttackRange_Circle.h">
      <Filter>02.Objects\03.Effect\01.MeshEffect\01.AttackRange_Circle</Filter>
    </ClInclude>
    <ClInclude Include="..\Header\FSMDefine_Theresa.h">
      <Filter>02.Objects\01.ForUnit\00.Valkyrie\01.Theresa</Filter>
    </ClInclude>
    <ClInclude Include="..\Header\MO_Dummy.h">
      <Filter>02.Objects\01.ForUnit\01.Monster\MO_Dummy</Filter>
    </ClInclude>
    <ClInclude Include="SkillActivationC.h">
      <Filter>03.Component\00.UI\10.SkillActivation</Filter>
    </ClInclude>
    <ClInclude Include="..\Header\SpiderBornPattern.h">
      <Filter>02.Objects\01.ForUnit\01.Monster\MO_Spider\Pattern\00.Born</Filter>
    </ClInclude>
    <ClInclude Include="..\Header\SpiderDiePattern.h">
      <Filter>02.Objects\01.ForUnit\01.Monster\MO_Spider\Pattern\01.Die</Filter>
    </ClInclude>
    <ClInclude Include="..\Header\SpiderHitPattern.h">
      <Filter>02.Objects\01.ForUnit\01.Monster\MO_Spider\Pattern\02.Hit</Filter>
    </ClInclude>
    <ClInclude Include="..\Header\SpiderBasePattern.h">
      <Filter>02.Objects\01.ForUnit\01.Monster\MO_Spider\Pattern\04.Base</Filter>
    </ClInclude>
    <ClInclude Include="..\Header\GaneshaBasePattern.h">
      <Filter>02.Objects\01.ForUnit\01.Monster\MB_Ganesha\Pattern\04.Base</Filter>
    </ClInclude>
    <ClInclude Include="..\Header\GaneshaBornPattern.h">
      <Filter>02.Objects\01.ForUnit\01.Monster\MB_Ganesha\Pattern\00.Born</Filter>
    </ClInclude>
    <ClInclude Include="..\Header\GaneshaDiePattern.h">
      <Filter>02.Objects\01.ForUnit\01.Monster\MB_Ganesha\Pattern\01.Die</Filter>
    </ClInclude>
    <ClInclude Include="..\Header\GaneshaHitPattern.h">
      <Filter>02.Objects\01.ForUnit\01.Monster\MB_Ganesha\Pattern\02.Hit</Filter>
    </ClInclude>
    <ClInclude Include="..\Header\GaneshaStampPattern.h">
      <Filter>02.Objects\01.ForUnit\01.Monster\MB_Ganesha\Pattern\03.Select\00.Stamp</Filter>
    </ClInclude>
    <ClInclude Include="..\Header\GaneshaRoll01Pattern.h">
      <Filter>02.Objects\01.ForUnit\01.Monster\MB_Ganesha\Pattern\03.Select\01.Roll01</Filter>
    </ClInclude>
    <ClInclude Include="..\Header\GaneshaBurst01Pattern.h">
      <Filter>02.Objects\01.ForUnit\01.Monster\MB_Ganesha\Pattern\03.Select\03.Burst01</Filter>
    </ClInclude>
    <ClInclude Include="..\Header\GaneshaBurst02Pattern.h">
      <Filter>02.Objects\01.ForUnit\01.Monster\MB_Ganesha\Pattern\03.Select\04.Burst02</Filter>
    </ClInclude>
    <ClInclude Include="..\Header\TargetPositionC.h">
      <Filter>03.Component\00.UI\11.TargetPos</Filter>
    </ClInclude>
    <ClInclude Include="..\Header\AttackRangeShader.h">
      <Filter>04.Shader\09.AttackRangeShader</Filter>
    </ClInclude>
    <ClInclude Include="..\Header\CatPawShader.h">
      <Filter>04.Shader\03.CatPawShader</Filter>
    </ClInclude>
    <ClInclude Include="..\Header\CircularGaugeShader.h">
      <Filter>04.Shader\04.CircularGaugeShader</Filter>
    </ClInclude>
    <ClInclude Include="..\Header\DamageFontShader.h">
      <Filter>04.Shader\02.DamageFontShader</Filter>
    </ClInclude>
    <ClInclude Include="..\Header\DissolveShader.h">
      <Filter>04.Shader\06.DissolveShader</Filter>
    </ClInclude>
    <ClInclude Include="..\Header\EffectShader.h">
      <Filter>04.Shader\01.EffectShader</Filter>
    </ClInclude>
    <ClInclude Include="..\Header\MeshTrailShader.h">
      <Filter>04.Shader\05.MeshTrailShader</Filter>
    </ClInclude>
    <ClInclude Include="..\Header\SoftEffectShader.h">
      <Filter>04.Shader\08.SoftEffectShader</Filter>
    </ClInclude>
    <ClInclude Include="..\Header\SpawnEffectShader.h">
      <Filter>04.Shader\07.SpawnEffectShader</Filter>
    </ClInclude>
    <ClInclude Include="..\Header\WaterShader.h">
      <Filter>04.Shader\00.WaterShader</Filter>
    </ClInclude>
    <ClInclude Include="..\Header\CaptainData.h">
      <Filter>09.Manager\02.DataManager\00.CaptainData</Filter>
    </ClInclude>
    <ClInclude Include="..\Header\FSMDefine_Ganesha.h">
      <Filter>99.Default</Filter>
    </ClInclude>
    <ClInclude Include="..\Header\InStockValkyrieData.h">
      <Filter>09.Manager\02.DataManager\01.InStockValkyrieData</Filter>
    </ClInclude>
    <ClInclude Include="..\Header\ValkyrieStatusData.h">
      <Filter>09.Manager\02.DataManager\02.ValkyrieStatusData</Filter>
    </ClInclude>
    <ClInclude Include="..\Header\SquadData.h">
      <Filter>09.Manager\02.DataManager\03.SquadData</Filter>
    </ClInclude>
    <ClInclude Include="..\Header\WeaponData.h">
      <Filter>09.Manager\02.DataManager\04.CWeaponData</Filter>
    </ClInclude>
    <ClInclude Include="..\Header\ItemData.h">
      <Filter>09.Manager\02.DataManager\05.ItemData</Filter>
    </ClInclude>
    <ClInclude Include="..\Header\DataManager.h">
      <Filter>09.Manager\02.DataManager</Filter>
    </ClInclude>
    <ClInclude Include="..\Header\MainRoomManager.h">
      <Filter>09.Manager\03.MainRoomManager</Filter>
    </ClInclude>
    <ClInclude Include="..\Header\Kiana_CatPaw_Ring_Atk01.h">
      <Filter>02.Objects\01.ForUnit\00.Valkyrie\00.Kiana\Ring</Filter>
    </ClInclude>
    <ClInclude Include="..\Header\Kiana_CatPaw_Ring_Atk02.h">
      <Filter>02.Objects\01.ForUnit\00.Valkyrie\00.Kiana\Ring</Filter>
    </ClInclude>
    <ClInclude Include="..\Header\Kiana_CatPaw_Ring_Atk03.h">
      <Filter>02.Objects\01.ForUnit\00.Valkyrie\00.Kiana\Ring</Filter>
    </ClInclude>
    <ClInclude Include="..\Header\Kiana_CatPaw_Ring_Atk04.h">
      <Filter>02.Objects\01.ForUnit\00.Valkyrie\00.Kiana\Ring</Filter>
    </ClInclude>
    <ClInclude Include="..\Header\Kiana_CatPaw_Ring_Atk05.h">
      <Filter>02.Objects\01.ForUnit\00.Valkyrie\00.Kiana\Ring</Filter>
    </ClInclude>
    <ClInclude Include="..\Header\StageSelectionManager.h">
      <Filter>09.Manager\04.StageSelectionManager</Filter>
    </ClInclude>
    <ClInclude Include="..\Header\ReadyToSortieManager.h">
      <Filter>09.Manager\05.ReadyToSortieManager</Filter>
    </ClInclude>
    <ClInclude Include="..\Header\AttackBox.h">
      <Filter>02.Objects\01.ForUnit\03.AttackBox</Filter>
    </ClInclude>
    <ClInclude Include="..\Header\MapObject2D.h">
      <Filter>02.Objects\00.ForScene\04.MapObject2D</Filter>
    </ClInclude>
    <ClInclude Include="..\Header\PhaseControl.h">
      <Filter>97.TempClass_ForDevelop\PhaseControl</Filter>
    </ClInclude>
    <ClInclude Include="..\Header\OneStagePhaseControl.h">
      <Filter>97.TempClass_ForDevelop\PhaseControl\00.OneStage</Filter>
    </ClInclude>
    <ClInclude Include="..\Header\ClientComponents.h">
      <Filter>98.Include</Filter>
    </ClInclude>
  </ItemGroup>
  <ItemGroup>
    <ClCompile Include="stdafx.cpp">
      <Filter>99.Default</Filter>
    </ClCompile>
    <ClCompile Include="Client.cpp">
      <Filter>99.Default</Filter>
    </ClCompile>
    <ClCompile Include="..\Code\MainApp.cpp">
      <Filter>00.MainApp</Filter>
    </ClCompile>
    <ClCompile Include="..\Code\ChangmoScene.cpp">
      <Filter>01.Scene\02.PrivateScene\00.Changmo</Filter>
    </ClCompile>
    <ClCompile Include="..\Code\YongScene.cpp">
      <Filter>01.Scene\02.PrivateScene\00.YongScene</Filter>
    </ClCompile>
    <ClCompile Include="..\Code\WooScene.cpp">
      <Filter>01.Scene\02.PrivateScene\00.WooScene</Filter>
    </ClCompile>
    <ClCompile Include="..\Code\DongScene.cpp">
      <Filter>01.Scene\02.PrivateScene\00.DongScene</Filter>
    </ClCompile>
    <ClCompile Include="..\Code\JongScene.cpp">
      <Filter>01.Scene\02.PrivateScene\00.JongScene</Filter>
    </ClCompile>
    <ClCompile Include="..\Code\Loading.cpp">
      <Filter>01.Scene\99.Loading</Filter>
    </ClCompile>
    <ClCompile Include="..\Code\StaticScene.cpp">
      <Filter>01.Scene\01.StaticScene</Filter>
    </ClCompile>
    <ClCompile Include="..\Code\InitScene.cpp">
      <Filter>01.Scene\00.InitScene</Filter>
    </ClCompile>
    <ClCompile Include="..\Code\Kiana.cpp">
      <Filter>02.Objects\01.ForUnit\00.Valkyrie\00.Kiana</Filter>
    </ClCompile>
    <ClCompile Include="..\Code\Monster.cpp">
      <Filter>02.Objects\01.ForUnit\01.Monster</Filter>
    </ClCompile>
    <ClCompile Include="..\Code\FSM_SpiderC.cpp">
      <Filter>02.Objects\01.ForUnit\01.Monster\MO_Spider\FSM</Filter>
    </ClCompile>
    <ClCompile Include="..\Code\MO_Spider.cpp">
      <Filter>02.Objects\01.ForUnit\01.Monster\MO_Spider</Filter>
    </ClCompile>
    <ClCompile Include="..\Code\MO_Robot.cpp">
      <Filter>02.Objects\01.ForUnit\01.Monster\MO_Robot</Filter>
    </ClCompile>
    <ClCompile Include="..\Code\MO_Axe.cpp">
      <Filter>02.Objects\01.ForUnit\01.Monster\MO_Axe</Filter>
    </ClCompile>
    <ClCompile Include="..\Code\MB_Ganesha.cpp">
      <Filter>02.Objects\01.ForUnit\01.Monster\MB_Ganesha</Filter>
    </ClCompile>
    <ClCompile Include="..\Code\MB_Bronya.cpp">
      <Filter>02.Objects\01.ForUnit\01.Monster\MB_Bronya</Filter>
    </ClCompile>
    <ClCompile Include="..\Code\MO_Ninza.cpp">
      <Filter>02.Objects\01.ForUnit\01.Monster\MO_Ninza</Filter>
    </ClCompile>
    <ClCompile Include="..\Code\MO_Scout.cpp">
      <Filter>02.Objects\01.ForUnit\01.Monster\MO_Scout</Filter>
    </ClCompile>
    <ClCompile Include="..\Code\Monster.cpp">
      <Filter>02.Objects\Monster</Filter>
    </ClCompile>
    <ClCompile Include="..\Code\FSM_ScoutC.cpp">
      <Filter>02.Objects\01.ForUnit\01.Monster\MO_Scout\FSM</Filter>
    </ClCompile>
    <ClCompile Include="..\Code\FSM_RobotC.cpp">
      <Filter>02.Objects\01.ForUnit\01.Monster\MO_Robot\FSM</Filter>
    </ClCompile>
    <ClCompile Include="..\Code\FSM_NinzaC.cpp">
      <Filter>02.Objects\01.ForUnit\01.Monster\MO_Ninza\FSM</Filter>
    </ClCompile>
    <ClCompile Include="..\Code\MO_Lancer.cpp">
      <Filter>02.Objects\01.ForUnit\01.Monster\MO_Lancer</Filter>
    </ClCompile>
    <ClCompile Include="..\Code\FSM_LancerC.cpp">
      <Filter>02.Objects\01.ForUnit\01.Monster\MO_Lancer\FSM</Filter>
    </ClCompile>
    <ClCompile Include="..\Code\FSM_AxeC.cpp">
      <Filter>02.Objects\01.ForUnit\01.Monster\MO_Axe\FSM</Filter>
    </ClCompile>
    <ClCompile Include="..\Code\FSM_GaneshaC.cpp">
      <Filter>02.Objects\01.ForUnit\01.Monster\MB_Ganesha\FSM</Filter>
    </ClCompile>
    <ClCompile Include="..\Code\FSM_BronyaC.cpp">
      <Filter>02.Objects\01.ForUnit\01.Monster\MB_Bronya\FSM</Filter>
    </ClCompile>
    <ClCompile Include="..\Code\DeleGate.cpp">
      <Filter>05.DeleGate</Filter>
    </ClCompile>
    <ClCompile Include="..\Code\Valkyrie.cpp">
      <Filter>02.Objects\01.ForUnit\00.Valkyrie</Filter>
    </ClCompile>
    <ClCompile Include="..\Code\Button.cpp">
      <Filter>02.Objects\02.UI\00.Button</Filter>
    </ClCompile>
    <ClCompile Include="..\Code\ScrollViewObject.cpp">
      <Filter>02.Objects\02.UI\01.ScrollView</Filter>
    </ClCompile>
    <ClCompile Include="..\Code\ButtonManager.cpp">
      <Filter>09.Manager\00.ButtonManager</Filter>
    </ClCompile>
    <ClCompile Include="..\Code\ClientScene.cpp">
      <Filter>01.Scene</Filter>
    </ClCompile>
    <ClCompile Include="..\Code\FSM_KianaC.cpp">
      <Filter>02.Objects\01.ForUnit\00.Valkyrie\00.Kiana\FSM</Filter>
    </ClCompile>
    <ClCompile Include="..\Code\UiAnimCtrC.cpp">
      <Filter>03.Component\00.UI\00.UiAnimCtr</Filter>
    </ClCompile>
    <ClCompile Include="..\Code\MainRoomScene.cpp">
      <Filter>01.Scene\07.MainRoomScene</Filter>
    </ClCompile>
    <ClCompile Include="..\Code\ReadyToSortieScene.cpp">
      <Filter>01.Scene\05.ReadyToSortieScene</Filter>
    </ClCompile>
    <ClCompile Include="..\Code\ThreeStageScene.cpp">
      <Filter>01.Scene\03.ThreeStageScene</Filter>
    </ClCompile>
    <ClCompile Include="..\Code\TwoStageScene.cpp">
      <Filter>01.Scene\08.TwoStageScene</Filter>
    </ClCompile>
    <ClCompile Include="..\Code\PartySettingScene.cpp">
      <Filter>01.Scene\09.PartySettingScene</Filter>
    </ClCompile>
    <ClCompile Include="..\Code\DamageFontC.cpp">
      <Filter>03.Component\00.UI\01.DamageFont</Filter>
    </ClCompile>
    <ClCompile Include="..\Code\ButtonFunction.cpp">
      <Filter>02.Objects\02.UI\00.Button\00.ButtonFunction</Filter>
    </ClCompile>
    <ClCompile Include="..\Code\DamageObjectPool.cpp">
      <Filter>08.ObjectPool\DamageObjectPool</Filter>
    </ClCompile>
    <ClCompile Include="..\Code\DataLoad.cpp">
      <Filter>06.DataLoad</Filter>
    </ClCompile>
    <ClCompile Include="..\Code\Kiana_CatPaw_Atk01.cpp">
      <Filter>02.Objects\01.ForUnit\00.Valkyrie\00.Kiana\CatPaw</Filter>
    </ClCompile>
    <ClCompile Include="..\Code\Kiana_CatPaw_Atk02.cpp">
      <Filter>02.Objects\01.ForUnit\00.Valkyrie\00.Kiana\CatPaw</Filter>
    </ClCompile>
    <ClCompile Include="..\Code\Kiana_CatPaw_Atk03.cpp">
      <Filter>02.Objects\01.ForUnit\00.Valkyrie\00.Kiana\CatPaw</Filter>
    </ClCompile>
    <ClCompile Include="..\Code\Kiana_CatPaw_Atk04.cpp">
      <Filter>02.Objects\01.ForUnit\00.Valkyrie\00.Kiana\CatPaw</Filter>
    </ClCompile>
    <ClCompile Include="..\Code\Kiana_CatPaw_Atk05.cpp">
      <Filter>02.Objects\01.ForUnit\00.Valkyrie\00.Kiana\CatPaw</Filter>
    </ClCompile>
    <ClCompile Include="..\Code\RotationUiC.cpp">
      <Filter>03.Component\00.UI\02.RotationUi</Filter>
    </ClCompile>
    <ClCompile Include="..\Code\BattleUiManager.cpp">
      <Filter>09.Manager\01.BattleUiManager</Filter>
    </ClCompile>
    <ClCompile Include="..\Code\HitsUiC.cpp">
      <Filter>03.Component\00.UI\04.HitsUi</Filter>
    </ClCompile>
    <ClCompile Include="..\Code\LifeObjectC.cpp">
      <Filter>03.Component\00.UI\05.LifeObject</Filter>
    </ClCompile>
    <ClCompile Include="..\Code\TimerUiC.cpp">
      <Filter>03.Component\00.UI\03.Timer</Filter>
    </ClCompile>
    <ClCompile Include="..\Code\MO_Sickle.cpp">
      <Filter>02.Objects\01.ForUnit\01.Monster\MO_Sickle</Filter>
    </ClCompile>
    <ClCompile Include="..\Code\FSM_SickleC.cpp">
      <Filter>02.Objects\01.ForUnit\01.Monster\MO_Sickle\FSM</Filter>
    </ClCompile>
    <ClCompile Include="..\Code\Kiana_Pistol_USP45.cpp">
      <Filter>02.Objects\01.ForUnit\00.Valkyrie\00.Kiana\Pistol</Filter>
    </ClCompile>
    <ClCompile Include="..\Code\Theresa.cpp">
      <Filter>02.Objects\01.ForUnit\00.Valkyrie\01.Theresa</Filter>
    </ClCompile>
    <ClCompile Include="..\Code\SkillCollTimcC.cpp">
      <Filter>03.Component\00.UI\06.SkillCollTime</Filter>
    </ClCompile>
    <ClCompile Include="AlphaLifeTimeC.cpp">
      <Filter>03.Component\00.UI\07.AlphaLifeTime</Filter>
    </ClCompile>
    <ClCompile Include="..\Code\BattleRenunciationC.cpp">
      <Filter>03.Component\00.UI\08.BattleRenunciation</Filter>
    </ClCompile>
    <ClCompile Include="..\Code\MapObject.cpp">
      <Filter>02.Objects\00.ForScene\01.MapObject</Filter>
    </ClCompile>
    <ClCompile Include="..\Code\MeshEffect_Client.cpp">
      <Filter>02.Objects\03.Effect\01.MeshEffect</Filter>
    </ClCompile>
    <ClCompile Include="..\Code\AttackTrail_Client.cpp">
      <Filter>02.Objects\03.Effect\01.MeshEffect\00.AttackTrail</Filter>
    </ClCompile>
    <ClCompile Include="..\Code\BattleEndScene.cpp">
      <Filter>01.Scene\10.BattleEnd</Filter>
    </ClCompile>
    <ClCompile Include="..\Code\OneStageScene.cpp">
      <Filter>01.Scene\06.OneStageScene</Filter>
    </ClCompile>
    <ClCompile Include="..\Code\FSM_TheresaC.cpp">
      <Filter>02.Objects\01.ForUnit\00.Valkyrie\01.Theresa\FSM</Filter>
    </ClCompile>
    <ClCompile Include="..\Code\StatusDealer.cpp">
      <Filter>97.TempClass_ForDevelop\StatusDealer</Filter>
    </ClCompile>
    <ClCompile Include="..\Code\UILinker.cpp">
      <Filter>97.TempClass_ForDevelop\UILinker</Filter>
    </ClCompile>
    <ClCompile Include="..\Code\StageControlTower.cpp">
      <Filter>97.TempClass_ForDevelop</Filter>
    </ClCompile>
    <ClCompile Include="..\Code\AttackBall.cpp">
      <Filter>02.Objects\01.ForUnit\02.AttackBall</Filter>
    </ClCompile>
    <ClCompile Include="..\Code\MonsterSliderC.cpp">
      <Filter>03.Component\00.UI\09.MonsterSlider</Filter>
    </ClCompile>
    <ClCompile Include="..\Code\StageSelectionScene.cpp">
      <Filter>01.Scene\04.StageSelectionScene</Filter>
    </ClCompile>
    <ClCompile Include="..\Code\DecoObject.cpp">
      <Filter>02.Objects\00.ForScene\00.DecoObject</Filter>
    </ClCompile>
    <ClCompile Include="..\Code\TrapObject.cpp">
      <Filter>02.Objects\00.ForScene\02.TrapObject</Filter>
    </ClCompile>
    <ClCompile Include="..\Code\PhaseChanger.cpp">
      <Filter>02.Objects\00.ForScene\03.PhaseChanger</Filter>
    </ClCompile>
    <ClCompile Include="..\Code\GlitterC.cpp">
      <Filter>03.Component\01.Glitter</Filter>
    </ClCompile>
    <ClCompile Include="..\Code\Item.cpp">
      <Filter>02.Objects\04.Item</Filter>
    </ClCompile>
    <ClCompile Include="..\Code\AttackRange_Circle.cpp">
      <Filter>02.Objects\03.Effect\01.MeshEffect\01.AttackRange_Circle</Filter>
    </ClCompile>
    <ClCompile Include="..\Code\ATBPattern.cpp">
      <Filter>02.Objects\01.ForUnit\01.Monster\ATBSystem</Filter>
    </ClCompile>
    <ClCompile Include="..\Code\PatternMachineC.cpp">
      <Filter>02.Objects\01.ForUnit\01.Monster\ATBSystem\Component</Filter>
    </ClCompile>
    <ClCompile Include="..\Code\SickleBasePattern.cpp">
      <Filter>02.Objects\01.ForUnit\01.Monster\MO_Sickle\Pattern\04.Base</Filter>
    </ClCompile>
    <ClCompile Include="..\Code\SickleBornPattern.cpp">
      <Filter>02.Objects\01.ForUnit\01.Monster\MO_Sickle\Pattern\00.Born</Filter>
    </ClCompile>
    <ClCompile Include="..\Code\SickleDiePattern.cpp">
      <Filter>02.Objects\01.ForUnit\01.Monster\MO_Sickle\Pattern\01.Die</Filter>
    </ClCompile>
    <ClCompile Include="..\Code\SickleHitPattern.cpp">
      <Filter>02.Objects\01.ForUnit\01.Monster\MO_Sickle\Pattern\02.Hit</Filter>
    </ClCompile>
    <ClCompile Include="..\Code\SickleAtk02Pattern.cpp">
      <Filter>02.Objects\01.ForUnit\01.Monster\MO_Sickle\Pattern\03.Select\00.Atk02</Filter>
    </ClCompile>
    <ClCompile Include="..\Code\SpiderBornPattern.cpp">
      <Filter>02.Objects\01.ForUnit\01.Monster\MO_Spider\Pattern\00.Born</Filter>
    </ClCompile>
    <ClCompile Include="..\Code\SpiderDiePattern.cpp">
      <Filter>02.Objects\01.ForUnit\01.Monster\MO_Spider\Pattern\01.Die</Filter>
    </ClCompile>
    <ClCompile Include="..\Code\SpiderHitPattern.cpp">
      <Filter>02.Objects\01.ForUnit\01.Monster\MO_Spider\Pattern\02.Hit</Filter>
    </ClCompile>
    <ClCompile Include="..\Code\SpiderBasePattern.cpp">
      <Filter>02.Objects\01.ForUnit\01.Monster\MO_Spider\Pattern\04.Base</Filter>
    </ClCompile>
    <ClCompile Include="..\Code\GaneshaBasePattern.cpp">
      <Filter>02.Objects\01.ForUnit\01.Monster\MB_Ganesha\Pattern\04.Base</Filter>
    </ClCompile>
    <ClCompile Include="..\Code\GaneshaBornPattern.cpp">
      <Filter>02.Objects\01.ForUnit\01.Monster\MB_Ganesha\Pattern\00.Born</Filter>
    </ClCompile>
    <ClCompile Include="..\Code\GaneshaDiePattern.cpp">
      <Filter>02.Objects\01.ForUnit\01.Monster\MB_Ganesha\Pattern\01.Die</Filter>
    </ClCompile>
    <ClCompile Include="..\Code\GaneshaHitPattern.cpp">
      <Filter>02.Objects\01.ForUnit\01.Monster\MB_Ganesha\Pattern\02.Hit</Filter>
    </ClCompile>
    <ClCompile Include="..\Code\GaneshaStampPattern.cpp">
      <Filter>02.Objects\01.ForUnit\01.Monster\MB_Ganesha\Pattern\03.Select\00.Stamp</Filter>
    </ClCompile>
    <ClCompile Include="..\Code\GaneshaRoll01Pattern.cpp">
      <Filter>02.Objects\01.ForUnit\01.Monster\MB_Ganesha\Pattern\03.Select\01.Roll01</Filter>
    </ClCompile>
    <ClCompile Include="..\Code\GaneshaBurst01Pattern.cpp">
      <Filter>02.Objects\01.ForUnit\01.Monster\MB_Ganesha\Pattern\03.Select\03.Burst01</Filter>
    </ClCompile>
    <ClCompile Include="..\Code\GaneshaBurst02Pattern.cpp">
      <Filter>02.Objects\01.ForUnit\01.Monster\MB_Ganesha\Pattern\03.Select\04.Burst02</Filter>
    </ClCompile>
    <ClCompile Include="..\Code\TargetPositionC.cpp">
      <Filter>03.Component\00.UI\11.TargetPos</Filter>
    </ClCompile>
    <ClCompile Include="..\Code\AttackRangeShader.cpp">
      <Filter>04.Shader\09.AttackRangeShader</Filter>
    </ClCompile>
    <ClCompile Include="..\Code\DamageFontShader.cpp">
      <Filter>04.Shader\02.DamageFontShader</Filter>
    </ClCompile>
    <ClCompile Include="..\Code\CatPawShader.cpp">
      <Filter>04.Shader\03.CatPawShader</Filter>
    </ClCompile>
    <ClCompile Include="..\Code\CircularGaugeShader.cpp">
      <Filter>04.Shader\04.CircularGaugeShader</Filter>
    </ClCompile>
    <ClCompile Include="..\Code\DissolveShader.cpp">
      <Filter>04.Shader\06.DissolveShader</Filter>
    </ClCompile>
    <ClCompile Include="..\Code\EffectShader.cpp">
      <Filter>04.Shader\01.EffectShader</Filter>
    </ClCompile>
    <ClCompile Include="..\Code\MeshTrailShader.cpp">
      <Filter>04.Shader\05.MeshTrailShader</Filter>
    </ClCompile>
    <ClCompile Include="..\Code\SpawnEffectShader.cpp">
      <Filter>04.Shader\07.SpawnEffectShader</Filter>
    </ClCompile>
    <ClCompile Include="..\Code\SoftEffectShader.cpp">
      <Filter>04.Shader\08.SoftEffectShader</Filter>
    </ClCompile>
    <ClCompile Include="..\Code\WaterShader.cpp">
      <Filter>04.Shader\00.WaterShader</Filter>
    </ClCompile>
    <ClCompile Include="..\Code\CaptainData.cpp">
      <Filter>09.Manager\02.DataManager\00.CaptainData</Filter>
    </ClCompile>
    <ClCompile Include="SkillActivationC.cpp">
      <Filter>03.Component\00.UI\10.SkillActivation</Filter>
    </ClCompile>
    <ClCompile Include="..\Code\MO_Dummy.cpp">
      <Filter>02.Objects\01.ForUnit\01.Monster\MO_Dummy</Filter>
    </ClCompile>
    <ClCompile Include="..\Code\InStockValkyrieData.cpp">
      <Filter>09.Manager\02.DataManager\01.InStockValkyrieData</Filter>
    </ClCompile>
    <ClCompile Include="..\Code\ValkyrieStatusData.cpp">
      <Filter>09.Manager\02.DataManager\02.ValkyrieStatusData</Filter>
    </ClCompile>
    <ClCompile Include="..\Code\SquadData.cpp">
      <Filter>09.Manager\02.DataManager\03.SquadData</Filter>
    </ClCompile>
    <ClCompile Include="..\Code\WeaponData.cpp">
      <Filter>09.Manager\02.DataManager\04.CWeaponData</Filter>
    </ClCompile>
    <ClCompile Include="..\Code\ItemData.cpp">
      <Filter>09.Manager\02.DataManager\05.ItemData</Filter>
    </ClCompile>
    <ClCompile Include="..\Code\DataManager.cpp">
      <Filter>09.Manager\02.DataManager</Filter>
    </ClCompile>
    <ClCompile Include="..\Code\MainRoomManager.cpp">
      <Filter>09.Manager\03.MainRoomManager</Filter>
    </ClCompile>
    <ClCompile Include="..\Code\Kiana_CatPaw_Ring_Atk01.cpp">
      <Filter>02.Objects\01.ForUnit\00.Valkyrie\00.Kiana\Ring</Filter>
    </ClCompile>
    <ClCompile Include="..\Code\Kiana_CatPaw_Ring_Atk02.cpp">
      <Filter>02.Objects\01.ForUnit\00.Valkyrie\00.Kiana\Ring</Filter>
    </ClCompile>
    <ClCompile Include="..\Code\Kiana_CatPaw_Ring_Atk03.cpp">
      <Filter>02.Objects\01.ForUnit\00.Valkyrie\00.Kiana\Ring</Filter>
    </ClCompile>
    <ClCompile Include="..\Code\Kiana_CatPaw_Ring_Atk04.cpp">
      <Filter>02.Objects\01.ForUnit\00.Valkyrie\00.Kiana\Ring</Filter>
    </ClCompile>
    <ClCompile Include="..\Code\Kiana_CatPaw_Ring_Atk05.cpp">
      <Filter>02.Objects\01.ForUnit\00.Valkyrie\00.Kiana\Ring</Filter>
    </ClCompile>
    <ClCompile Include="..\Code\MO_Dummy.cpp">
      <Filter>02.Objects\01.ForUnit\01.Monster\MO_Dummy</Filter>
    </ClCompile>
    <ClCompile Include="..\Code\AttackBox.cpp">
      <Filter>02.Objects\01.ForUnit\03.AttackBox</Filter>
    </ClCompile>
    <ClCompile Include="..\Code\MO_Dummy.cpp" />
    <ClCompile Include="SkillActivationC.cpp" />
    <ClCompile Include="..\Code\StageSelectionManager.cpp">
      <Filter>09.Manager\04.StageSelectionManager</Filter>
    </ClCompile>
    <ClCompile Include="..\Code\ReadyToSortieManager.cpp">
      <Filter>09.Manager\05.ReadyToSortieManager</Filter>
    </ClCompile>
    <ClCompile Include="..\Code\MapObject2D.cpp">
      <Filter>02.Objects\00.ForScene\04.MapObject2D</Filter>
    </ClCompile>
    <ClCompile Include="..\Code\PhaseControl.cpp">
      <Filter>97.TempClass_ForDevelop\PhaseControl</Filter>
    </ClCompile>
    <ClCompile Include="..\Code\OneStagePhaseControl.cpp">
      <Filter>97.TempClass_ForDevelop\PhaseControl\00.OneStage</Filter>
    </ClCompile>
  </ItemGroup>
  <ItemGroup>
    <Image Include="small.ico">
      <Filter>99.Default</Filter>
    </Image>
    <Image Include="Client.ico">
      <Filter>99.Default</Filter>
    </Image>
    <Image Include="Honkai.ico">
      <Filter>99.Default</Filter>
    </Image>
  </ItemGroup>
  <ItemGroup>
    <ResourceCompile Include="Client.rc">
      <Filter>99.Default</Filter>
    </ResourceCompile>
  </ItemGroup>
  <ItemGroup>
    <Text Include="Initialize_Helper.txt">
      <Filter>99.Default</Filter>
    </Text>
  </ItemGroup>
  <ItemGroup>
    <FxCompile Include="..\..\Resource\Shader\WaterShader.fx">
      <Filter>04.Shader\00.WaterShader</Filter>
    </FxCompile>
    <FxCompile Include="..\..\Resource\Shader\AttackRangeShader.fx">
      <Filter>04.Shader\09.AttackRangeShader</Filter>
    </FxCompile>
    <FxCompile Include="..\..\Resource\Shader\CatPawShader.fx">
      <Filter>04.Shader\03.CatPawShader</Filter>
    </FxCompile>
    <FxCompile Include="..\..\Resource\Shader\CircularGaugeShader.fx">
      <Filter>04.Shader\04.CircularGaugeShader</Filter>
    </FxCompile>
    <FxCompile Include="..\..\Resource\Shader\DamageFontShader.fx">
      <Filter>04.Shader\02.DamageFontShader</Filter>
    </FxCompile>
    <FxCompile Include="..\..\Resource\Shader\DissolveShader.fx">
      <Filter>04.Shader\06.DissolveShader</Filter>
    </FxCompile>
    <FxCompile Include="..\..\Resource\Shader\EffectShader.fx">
      <Filter>04.Shader\01.EffectShader</Filter>
    </FxCompile>
    <FxCompile Include="..\..\Resource\Shader\MeshTrailShader.fx">
      <Filter>04.Shader\05.MeshTrailShader</Filter>
    </FxCompile>
    <FxCompile Include="..\..\Resource\Shader\SoftEffectShader.fx">
      <Filter>04.Shader\08.SoftEffectShader</Filter>
    </FxCompile>
    <FxCompile Include="..\..\Resource\Shader\SpawnEffectShader.fx">
      <Filter>04.Shader\07.SpawnEffectShader</Filter>
    </FxCompile>
  </ItemGroup>
</Project>