<?xml version="1.0" encoding="utf-8"?>
<Project ToolsVersion="4.0" xmlns="http://schemas.microsoft.com/developer/msbuild/2003">
  <ItemGroup>
    <Filter Include="99.Default">
      <UniqueIdentifier>{2e2272e7-60a5-4c36-adc2-8142c3f7423d}</UniqueIdentifier>
    </Filter>
    <Filter Include="00.MainApp">
      <UniqueIdentifier>{3e7dbc9b-69a3-4014-a846-dbbceb7d70df}</UniqueIdentifier>
    </Filter>
    <Filter Include="98.Include">
      <UniqueIdentifier>{f2001eae-e2d3-4e20-90c3-b74150ed8f0d}</UniqueIdentifier>
    </Filter>
    <Filter Include="01.Scene">
      <UniqueIdentifier>{fb3559bc-5e87-4c5b-b57e-9625bdbbf03c}</UniqueIdentifier>
    </Filter>
    <Filter Include="02.Objects">
      <UniqueIdentifier>{50f5935f-2a42-4e51-81e7-19417db711ed}</UniqueIdentifier>
    </Filter>
    <Filter Include="01.Scene\99.Loading">
      <UniqueIdentifier>{ea353fc7-3e80-41cf-9933-6e363a009886}</UniqueIdentifier>
    </Filter>
    <Filter Include="03.Component">
      <UniqueIdentifier>{614eb073-2122-4fe1-b528-07ee62180f53}</UniqueIdentifier>
    </Filter>
    <Filter Include="01.Scene\00.InitScene">
      <UniqueIdentifier>{d20a2dfd-4f11-4780-a070-1c3d0d6fb340}</UniqueIdentifier>
    </Filter>
    <Filter Include="01.Scene\01.StaticScene">
      <UniqueIdentifier>{d8fbf8f6-7698-40c3-8f49-e9af75ebd861}</UniqueIdentifier>
    </Filter>
    <Filter Include="01.Scene\02.PrivateScene">
      <UniqueIdentifier>{ba34bee0-78ed-48de-a03c-9bd7db564c86}</UniqueIdentifier>
    </Filter>
    <Filter Include="01.Scene\02.PrivateScene\00.Changmo">
      <UniqueIdentifier>{b5ddb26e-4a5e-42e9-a402-6ccf5eefef78}</UniqueIdentifier>
    </Filter>
    <Filter Include="01.Scene\02.PrivateScene\00.YongScene">
      <UniqueIdentifier>{4f6ac84a-8dc7-4b08-ae1e-c09ed668fb00}</UniqueIdentifier>
    </Filter>
    <Filter Include="01.Scene\02.PrivateScene\00.WooScene">
      <UniqueIdentifier>{5000a794-c7a6-4be8-baac-f35b87564dbe}</UniqueIdentifier>
    </Filter>
    <Filter Include="01.Scene\02.PrivateScene\00.DongScene">
      <UniqueIdentifier>{5be9e514-de30-44ea-8fd3-412b167faada}</UniqueIdentifier>
    </Filter>
    <Filter Include="01.Scene\02.PrivateScene\00.JongScene">
      <UniqueIdentifier>{63f84f0b-d155-4a53-b15b-6e496573ce04}</UniqueIdentifier>
    </Filter>
    <Filter Include="02.Objects\01.Monster">
      <UniqueIdentifier>{211598c1-eb0b-4768-907e-f8852aceae34}</UniqueIdentifier>
    </Filter>
    <Filter Include="02.Objects\01.Monster\MO_Spider">
      <UniqueIdentifier>{c018753b-4459-4729-9aa1-f124989a2513}</UniqueIdentifier>
    </Filter>
    <Filter Include="02.Objects\01.Monster\MO_Spider\FSM">
      <UniqueIdentifier>{7522bdb1-bd70-4493-a8f5-8c6c3a6056e0}</UniqueIdentifier>
    </Filter>
    <Filter Include="02.Objects\01.Monster\MO_Lancer">
      <UniqueIdentifier>{bb69a5fb-20de-4a03-ab41-683c5fd6e336}</UniqueIdentifier>
    </Filter>
    <Filter Include="02.Objects\01.Monster\MO_Lancer\FSM">
      <UniqueIdentifier>{4e0ba9d9-963e-475a-8210-13967c4f6c64}</UniqueIdentifier>
    </Filter>
    <Filter Include="02.Objects\01.Monster\MO_Robot">
      <UniqueIdentifier>{ba62fde9-0141-45f2-af69-39aa74f7a62f}</UniqueIdentifier>
    </Filter>
    <Filter Include="02.Objects\01.Monster\MO_Robot\FSM">
      <UniqueIdentifier>{3b0a3ddb-d67a-4b37-990b-dc1a93a8327e}</UniqueIdentifier>
    </Filter>
    <Filter Include="02.Objects\01.Monster\MO_Axe">
      <UniqueIdentifier>{0799b1ba-0a55-4c92-a407-982145d97033}</UniqueIdentifier>
    </Filter>
    <Filter Include="02.Objects\01.Monster\MO_Axe\FSM">
      <UniqueIdentifier>{3eaf9202-679f-4a20-be62-eb8cb514651f}</UniqueIdentifier>
    </Filter>
    <Filter Include="02.Objects\01.Monster\MB_Ganesha">
      <UniqueIdentifier>{2fa8eab6-5f66-4214-95e7-63aa87abeea0}</UniqueIdentifier>
    </Filter>
    <Filter Include="02.Objects\01.Monster\MB_Ganesha\FSM">
      <UniqueIdentifier>{bff33868-824f-4a3e-b8ff-9da142bd33df}</UniqueIdentifier>
    </Filter>
    <Filter Include="02.Objects\01.Monster\MB_Bronya">
      <UniqueIdentifier>{199e26cf-2e27-428b-aeee-038a13fbf1b8}</UniqueIdentifier>
    </Filter>
    <Filter Include="02.Objects\01.Monster\MB_Bronya\FSM">
      <UniqueIdentifier>{a2a6ee26-793f-4a1d-a827-953fe02c31ef}</UniqueIdentifier>
    </Filter>
    <Filter Include="02.Objects\01.Monster\MO_Ninza">
      <UniqueIdentifier>{253154c8-bf6c-479a-8074-94a34e30d62b}</UniqueIdentifier>
    </Filter>
    <Filter Include="02.Objects\01.Monster\MO_Ninza\FSM">
      <UniqueIdentifier>{786bfeb7-e733-441b-8308-4c6105746e6f}</UniqueIdentifier>
    </Filter>
    <Filter Include="02.Objects\01.Monster\MO_Scout">
      <UniqueIdentifier>{974ca1cf-b207-48aa-8298-c5b132ab2142}</UniqueIdentifier>
    </Filter>
    <Filter Include="02.Objects\01.Monster\MO_Scout\FSM">
      <UniqueIdentifier>{d43ade6f-b909-4463-82fd-080a74f138fa}</UniqueIdentifier>
    </Filter>
    <Filter Include="02.Objects\00.UI">
      <UniqueIdentifier>{6849d882-e3b5-46df-9a05-87399aa649e6}</UniqueIdentifier>
    </Filter>
    <Filter Include="05.DeleGate">
      <UniqueIdentifier>{c83d4b85-dedd-4e0a-aaf1-15da693d36af}</UniqueIdentifier>
    </Filter>
    <Filter Include="02.Objects\02.Particle">
      <UniqueIdentifier>{41ed5ef2-4f71-4ef8-876a-e0e554e5d0cc}</UniqueIdentifier>
    </Filter>
    <Filter Include="02.Objects\00.Valkyrie">
      <UniqueIdentifier>{aae8ad2c-f49d-44a2-967c-9c648d86446d}</UniqueIdentifier>
    </Filter>
    <Filter Include="02.Objects\00.Valkyrie\00.Kiana">
      <UniqueIdentifier>{5ffef45e-d9f4-4bc7-9dbe-4f404826fa7d}</UniqueIdentifier>
    </Filter>
    <Filter Include="02.Objects\00.Valkyrie\00.Kiana\FSM_Kiana">
      <UniqueIdentifier>{509a888c-7a65-4ca3-98a0-de4c45a2926c}</UniqueIdentifier>
    </Filter>
    <Filter Include="02.Objects\00.Valkyrie\00.Kiana\00.FSM">
      <UniqueIdentifier>{18b5228e-4a17-4c51-8803-8fe7bf27bec3}</UniqueIdentifier>
    </Filter>
    <Filter Include="02.Objects\00.Valkyrie\01.Theresa">
      <UniqueIdentifier>{1d28f112-4fdb-4a50-86f6-3ade36b9e334}</UniqueIdentifier>
    </Filter>
    <Filter Include="02.Objects\00.Valkyrie\02.Sakura">
      <UniqueIdentifier>{ffd0e5c8-acb7-4886-b398-f13cebef01e1}</UniqueIdentifier>
    </Filter>
    <Filter Include="02.Objects\00.UI\00.Button">
      <UniqueIdentifier>{92ae74b4-e5f1-45d6-8db1-4dd89bc97fbc}</UniqueIdentifier>
    </Filter>
    <Filter Include="02.Objects\00.UI\01.ScrollView">
      <UniqueIdentifier>{6608eb7d-47e7-4eff-b4b8-14dc0028b305}</UniqueIdentifier>
    </Filter>
    <Filter Include="02.Objects\00.UI\00.Button\00.Manager">
      <UniqueIdentifier>{c52fecae-3991-4bbf-8108-35ff947ab66a}</UniqueIdentifier>
    </Filter>
    <Filter Include="02.Objects\00.UI\00.Button\01.ButtonFunction">
      <UniqueIdentifier>{8e9ccb3f-6d70-4252-916e-e4873e14081e}</UniqueIdentifier>
    </Filter>
    <Filter Include="06.DataLoad">
      <UniqueIdentifier>{e9158b22-d787-4359-9b1d-a6f7d90d4e78}</UniqueIdentifier>
    </Filter>
    <Filter Include="01.Scene\03.MainRoomScene">
      <UniqueIdentifier>{b51eb0a9-2534-482d-8c33-c367c3882fe5}</UniqueIdentifier>
    </Filter>
    <Filter Include="01.Scene\04.StageSelectionScene">
      <UniqueIdentifier>{381e6829-ac7f-4b35-aa6c-506d0171270e}</UniqueIdentifier>
    </Filter>
    <Filter Include="01.Scene\05.ReadyToSortieScene">
      <UniqueIdentifier>{5f27c27e-6e51-4148-9833-46c805916374}</UniqueIdentifier>
    </Filter>
    <Filter Include="01.Scene\06.PartySettingScene">
      <UniqueIdentifier>{868615bc-53cb-4320-9b02-5f1e19d8b082}</UniqueIdentifier>
    </Filter>
    <Filter Include="01.Scene\07.OneScene">
      <UniqueIdentifier>{0e8a97b7-be77-4967-b835-bcfd4312cb00}</UniqueIdentifier>
    </Filter>
    <Filter Include="03.Component\00.UI">
      <UniqueIdentifier>{74c69358-8003-42b4-a2dc-a91c3f202cd4}</UniqueIdentifier>
    </Filter>
    <Filter Include="03.Component\00.UI\00.UIAnim">
      <UniqueIdentifier>{ea37f30c-07d1-458c-a0a4-1f95b3d7a338}</UniqueIdentifier>
    </Filter>
    <Filter Include="01.Scene\08.TwoScene">
      <UniqueIdentifier>{a116fce7-6e13-4e41-8062-5ed5451f91d8}</UniqueIdentifier>
    </Filter>
    <Filter Include="01.Scene\10.ThreeScene">
      <UniqueIdentifier>{d67c2f1d-fb09-4f2f-9502-c67a4d39baff}</UniqueIdentifier>
    </Filter>
  </ItemGroup>
  <ItemGroup>
    <ClInclude Include="Resource.h">
      <Filter>99.Default</Filter>
    </ClInclude>
    <ClInclude Include="stdafx.h">
      <Filter>99.Default</Filter>
    </ClInclude>
    <ClInclude Include="targetver.h">
      <Filter>99.Default</Filter>
    </ClInclude>
    <ClInclude Include="Client.h">
      <Filter>99.Default</Filter>
    </ClInclude>
    <ClInclude Include="..\Header\MainApp.h">
      <Filter>00.MainApp</Filter>
    </ClInclude>
    <ClInclude Include="..\Header\ChangmoScene.h">
      <Filter>01.Scene\02.PrivateScene\00.Changmo</Filter>
    </ClInclude>
    <ClInclude Include="..\Header\ClientEnum.h">
      <Filter>98.Include</Filter>
    </ClInclude>
    <ClInclude Include="..\Header\ClientMacro.h">
      <Filter>98.Include</Filter>
    </ClInclude>
    <ClInclude Include="..\Header\ClientStructure.h">
      <Filter>98.Include</Filter>
    </ClInclude>
    <ClInclude Include="..\Header\ClientTypedef.h">
      <Filter>98.Include</Filter>
    </ClInclude>
    <ClInclude Include="..\Header\ClientDefine.h">
      <Filter>98.Include</Filter>
    </ClInclude>
    <ClInclude Include="..\Header\YongScene.h">
      <Filter>01.Scene\02.PrivateScene\00.YongScene</Filter>
    </ClInclude>
    <ClInclude Include="..\Header\WooScene.h">
      <Filter>01.Scene\02.PrivateScene\00.WooScene</Filter>
    </ClInclude>
    <ClInclude Include="..\Header\DongScene.h">
      <Filter>01.Scene\02.PrivateScene\00.DongScene</Filter>
    </ClInclude>
    <ClInclude Include="..\Header\JongScene.h">
      <Filter>01.Scene\02.PrivateScene\00.JongScene</Filter>
    </ClInclude>
    <ClInclude Include="..\Header\Loading.h">
      <Filter>01.Scene\99.Loading</Filter>
    </ClInclude>
    <ClInclude Include="..\Header\StaticScene.h">
      <Filter>01.Scene\01.StaticScene</Filter>
    </ClInclude>
    <ClInclude Include="..\Header\InitScene.h">
      <Filter>01.Scene\00.InitScene</Filter>
    </ClInclude>
    <ClInclude Include="..\Header\Kiana.h">
      <Filter>02.Objects\00.Valkyrie\00.Kiana</Filter>
    </ClInclude>
    <ClInclude Include="..\Header\Monster.h">
      <Filter>02.Objects\01.Monster</Filter>
    </ClInclude>
    <ClInclude Include="..\Header\FSM_SpiderC.h">
      <Filter>02.Objects\01.Monster\MO_Spider\FSM</Filter>
    </ClInclude>
    <ClInclude Include="..\Header\MO_Spider.h">
      <Filter>02.Objects\01.Monster\MO_Spider</Filter>
    </ClInclude>
    <ClInclude Include="..\Header\MO_Robot.h">
      <Filter>02.Objects\01.Monster\MO_Robot</Filter>
    </ClInclude>
    <ClInclude Include="..\Header\MO_Axe.h">
      <Filter>02.Objects\01.Monster\MO_Axe</Filter>
    </ClInclude>
    <ClInclude Include="..\Header\MB_Ganesha.h">
      <Filter>02.Objects\01.Monster\MB_Ganesha</Filter>
    </ClInclude>
    <ClInclude Include="..\Header\MB_Bronya.h">
      <Filter>02.Objects\01.Monster\MB_Bronya</Filter>
    </ClInclude>
    <ClInclude Include="..\Header\MO_Ninza.h">
      <Filter>02.Objects\01.Monster\MO_Ninza</Filter>
    </ClInclude>
    <ClInclude Include="..\Header\MO_Scout.h">
      <Filter>02.Objects\01.Monster\MO_Scout</Filter>
    </ClInclude>
    <ClInclude Include="..\Header\Monster.h">
      <Filter>02.Objects\Monster</Filter>
    </ClInclude>
    <ClInclude Include="..\Header\FSM_ScoutC.h">
      <Filter>02.Objects\01.Monster\MO_Scout\FSM</Filter>
    </ClInclude>
    <ClInclude Include="..\Header\FSM_RobotC.h">
      <Filter>02.Objects\01.Monster\MO_Robot\FSM</Filter>
    </ClInclude>
    <ClInclude Include="..\Header\FSM_NinzaC.h">
      <Filter>02.Objects\01.Monster\MO_Ninza\FSM</Filter>
    </ClInclude>
    <ClInclude Include="..\Header\MO_Lancer.h">
      <Filter>02.Objects\01.Monster\MO_Lancer</Filter>
    </ClInclude>
    <ClInclude Include="..\Header\FSM_LancerC.h">
      <Filter>02.Objects\01.Monster\MO_Lancer\FSM</Filter>
    </ClInclude>
    <ClInclude Include="..\Header\FSM_AxeC.h">
      <Filter>02.Objects\01.Monster\MO_Axe\FSM</Filter>
    </ClInclude>
    <ClInclude Include="..\Header\FSM_GaneshaC.h">
      <Filter>02.Objects\01.Monster\MB_Ganesha\FSM</Filter>
    </ClInclude>
    <ClInclude Include="..\Header\FSM_BronyaC.h">
      <Filter>02.Objects\01.Monster\MB_Bronya\FSM</Filter>
    </ClInclude>
    <ClInclude Include="..\Header\DeleGate.h">
      <Filter>05.DeleGate</Filter>
    </ClInclude>
    <ClInclude Include="FSMDefine_Kiana.h">
      <Filter>02.Objects\00.Valkyrie\00.Kiana\FSM_Kiana</Filter>
    </ClInclude>
    <ClInclude Include="..\Header\FSM_KianaC.h">
      <Filter>02.Objects\00.Valkyrie\00.Kiana\00.FSM</Filter>
    </ClInclude>
    <ClInclude Include="..\Header\FSM_KianaC.h">
      <Filter>02.Objects\00.Player\00.Kiana\00.FSM</Filter>
    </ClInclude>
    <ClInclude Include="..\Header\Valkyrie.h">
      <Filter>02.Objects\00.Valkyrie</Filter>
    </ClInclude>
    <ClInclude Include="..\Header\StageController.h" />
    <ClInclude Include="..\Header\Button.h">
      <Filter>02.Objects\00.UI\00.Button</Filter>
    </ClInclude>
    <ClInclude Include="..\Header\ScrollViewObject.h">
      <Filter>02.Objects\00.UI\01.ScrollView</Filter>
    </ClInclude>
    <ClInclude Include="..\Header\ButtonManager.h">
      <Filter>02.Objects\00.UI\00.Button\00.Manager</Filter>
    </ClInclude>
    <ClInclude Include="..\Header\ButtonFunction.h">
      <Filter>02.Objects\00.UI\00.Button\01.ButtonFunction</Filter>
    </ClInclude>
    <ClInclude Include="..\Header\DataLoad.h">
      <Filter>06.DataLoad</Filter>
    </ClInclude>
    <ClInclude Include="..\Header\MainRoomScene.h">
      <Filter>01.Scene\03.MainRoomScene</Filter>
    </ClInclude>
    <ClInclude Include="..\Header\StageSelectionScene.h">
      <Filter>01.Scene\04.StageSelectionScene</Filter>
    </ClInclude>
    <ClInclude Include="..\Header\ReadyToSortieScene.h">
      <Filter>01.Scene\05.ReadyToSortieScene</Filter>
    </ClInclude>
    <ClInclude Include="..\Header\PartySettingScene.h">
      <Filter>01.Scene\06.PartySettingScene</Filter>
    </ClInclude>
    <ClInclude Include="..\Header\OneStageScene.h">
      <Filter>01.Scene\07.OneScene</Filter>
    </ClInclude>
    <ClInclude Include="..\Header\UiAnimCtrC.h">
      <Filter>03.Component\00.UI\00.UIAnim</Filter>
    </ClInclude>
    <ClInclude Include="..\Header\TwoStageScene.h">
      <Filter>01.Scene\08.TwoScene</Filter>
    </ClInclude>
    <ClInclude Include="..\Header\ThreeStageScene.h">
      <Filter>01.Scene\10.ThreeScene</Filter>
    </ClInclude>
  </ItemGroup>
  <ItemGroup>
    <ClCompile Include="stdafx.cpp">
      <Filter>99.Default</Filter>
    </ClCompile>
    <ClCompile Include="Client.cpp">
      <Filter>99.Default</Filter>
    </ClCompile>
    <ClCompile Include="..\Code\MainApp.cpp">
      <Filter>00.MainApp</Filter>
    </ClCompile>
    <ClCompile Include="..\Code\ChangmoScene.cpp">
      <Filter>01.Scene\02.PrivateScene\00.Changmo</Filter>
    </ClCompile>
    <ClCompile Include="..\Code\YongScene.cpp">
      <Filter>01.Scene\02.PrivateScene\00.YongScene</Filter>
    </ClCompile>
    <ClCompile Include="..\Code\WooScene.cpp">
      <Filter>01.Scene\02.PrivateScene\00.WooScene</Filter>
    </ClCompile>
    <ClCompile Include="..\Code\DongScene.cpp">
      <Filter>01.Scene\02.PrivateScene\00.DongScene</Filter>
    </ClCompile>
    <ClCompile Include="..\Code\JongScene.cpp">
      <Filter>01.Scene\02.PrivateScene\00.JongScene</Filter>
    </ClCompile>
    <ClCompile Include="..\Code\Loading.cpp">
      <Filter>01.Scene\99.Loading</Filter>
    </ClCompile>
    <ClCompile Include="..\Code\StaticScene.cpp">
      <Filter>01.Scene\01.StaticScene</Filter>
    </ClCompile>
    <ClCompile Include="..\Code\InitScene.cpp">
      <Filter>01.Scene\00.InitScene</Filter>
    </ClCompile>
    <ClCompile Include="..\Code\Kiana.cpp">
      <Filter>02.Objects\00.Valkyrie\00.Kiana</Filter>
    </ClCompile>
    <ClCompile Include="..\Code\Monster.cpp">
      <Filter>02.Objects\01.Monster</Filter>
    </ClCompile>
    <ClCompile Include="..\Code\FSM_SpiderC.cpp">
      <Filter>02.Objects\01.Monster\MO_Spider\FSM</Filter>
    </ClCompile>
    <ClCompile Include="..\Code\MO_Spider.cpp">
      <Filter>02.Objects\01.Monster\MO_Spider</Filter>
    </ClCompile>
    <ClCompile Include="..\Code\MO_Robot.cpp">
      <Filter>02.Objects\01.Monster\MO_Robot</Filter>
    </ClCompile>
    <ClCompile Include="..\Code\MO_Axe.cpp">
      <Filter>02.Objects\01.Monster\MO_Axe</Filter>
    </ClCompile>
    <ClCompile Include="..\Code\MB_Ganesha.cpp">
      <Filter>02.Objects\01.Monster\MB_Ganesha</Filter>
    </ClCompile>
    <ClCompile Include="..\Code\MB_Bronya.cpp">
      <Filter>02.Objects\01.Monster\MB_Bronya</Filter>
    </ClCompile>
    <ClCompile Include="..\Code\MO_Ninza.cpp">
      <Filter>02.Objects\01.Monster\MO_Ninza</Filter>
    </ClCompile>
    <ClCompile Include="..\Code\MO_Scout.cpp">
      <Filter>02.Objects\01.Monster\MO_Scout</Filter>
    </ClCompile>
    <ClCompile Include="..\Code\Monster.cpp">
      <Filter>02.Objects\Monster</Filter>
    </ClCompile>
    <ClCompile Include="..\Code\FSM_ScoutC.cpp">
      <Filter>02.Objects\01.Monster\MO_Scout\FSM</Filter>
    </ClCompile>
    <ClCompile Include="..\Code\FSM_RobotC.cpp">
      <Filter>02.Objects\01.Monster\MO_Robot\FSM</Filter>
    </ClCompile>
    <ClCompile Include="..\Code\FSM_NinzaC.cpp">
      <Filter>02.Objects\01.Monster\MO_Ninza\FSM</Filter>
    </ClCompile>
    <ClCompile Include="..\Code\MO_Lancer.cpp">
      <Filter>02.Objects\01.Monster\MO_Lancer</Filter>
    </ClCompile>
    <ClCompile Include="..\Code\FSM_LancerC.cpp">
      <Filter>02.Objects\01.Monster\MO_Lancer\FSM</Filter>
    </ClCompile>
    <ClCompile Include="..\Code\FSM_AxeC.cpp">
      <Filter>02.Objects\01.Monster\MO_Axe\FSM</Filter>
    </ClCompile>
    <ClCompile Include="..\Code\FSM_GaneshaC.cpp">
      <Filter>02.Objects\01.Monster\MB_Ganesha\FSM</Filter>
    </ClCompile>
    <ClCompile Include="..\Code\FSM_BronyaC.cpp">
      <Filter>02.Objects\01.Monster\MB_Bronya\FSM</Filter>
    </ClCompile>
    <ClCompile Include="..\Code\DeleGate.cpp">
      <Filter>05.DeleGate</Filter>
    </ClCompile>
    <ClCompile Include="..\Code\FSM_KianaC.cpp">
      <Filter>02.Objects\00.Valkyrie\00.Kiana\00.FSM</Filter>
    </ClCompile>
    <ClCompile Include="..\Code\Valkyrie.cpp">
      <Filter>02.Objects\00.Valkyrie</Filter>
    </ClCompile>
    <ClCompile Include="..\Code\StageController.cpp" />
    <ClCompile Include="..\Code\Button.cpp">
      <Filter>02.Objects\00.UI\00.Button</Filter>
    </ClCompile>
    <ClCompile Include="..\Code\ScrollViewObject.cpp">
      <Filter>02.Objects\00.UI\01.ScrollView</Filter>
    </ClCompile>
    <ClCompile Include="..\Code\ButtonManager.cpp">
      <Filter>02.Objects\00.UI\00.Button\00.Manager</Filter>
    </ClCompile>
    <ClCompile Include="..\Code\ButtonFunction.cpp">
      <Filter>02.Objects\00.UI\00.Button\01.ButtonFunction</Filter>
    </ClCompile>
    <ClCompile Include="..\Code\DataLoad.cpp">
      <Filter>06.DataLoad</Filter>
    </ClCompile>
    <ClCompile Include="..\Code\MainRoomScene.cpp">
      <Filter>01.Scene\03.MainRoomScene</Filter>
    </ClCompile>
    <ClCompile Include="..\Code\StageSlectionScene.cpp">
      <Filter>01.Scene\04.StageSelectionScene</Filter>
    </ClCompile>
    <ClCompile Include="..\Code\ReadyToSortieScene.cpp">
      <Filter>01.Scene\05.ReadyToSortieScene</Filter>
    </ClCompile>
    <ClCompile Include="..\Code\PartySettingScene.cpp">
      <Filter>01.Scene\06.PartySettingScene</Filter>
    </ClCompile>
    <ClCompile Include="..\Code\OneStageScene.cpp">
      <Filter>01.Scene\07.OneScene</Filter>
    </ClCompile>
    <ClCompile Include="..\Code\UiAnimCtrC.cpp">
      <Filter>03.Component\00.UI\00.UIAnim</Filter>
    </ClCompile>
    <ClCompile Include="..\Code\TwoStageScene.cpp">
      <Filter>01.Scene\08.TwoScene</Filter>
    </ClCompile>
    <ClCompile Include="..\Code\ThreeStageScene.cpp">
      <Filter>01.Scene\10.ThreeScene</Filter>
    </ClCompile>
  </ItemGroup>
  <ItemGroup>
    <Image Include="small.ico">
      <Filter>99.Default</Filter>
    </Image>
    <Image Include="Client.ico">
      <Filter>99.Default</Filter>
    </Image>
  </ItemGroup>
  <ItemGroup>
    <ResourceCompile Include="Client.rc">
      <Filter>99.Default</Filter>
    </ResourceCompile>
  </ItemGroup>
</Project>