<?xml version="1.0" encoding="utf-8"?>
<Project ToolsVersion="4.0" xmlns="http://schemas.microsoft.com/developer/msbuild/2003">
  <ItemGroup>
    <Filter Include="99.Default">
      <UniqueIdentifier>{2e2272e7-60a5-4c36-adc2-8142c3f7423d}</UniqueIdentifier>
    </Filter>
    <Filter Include="00.MainApp">
      <UniqueIdentifier>{3e7dbc9b-69a3-4014-a846-dbbceb7d70df}</UniqueIdentifier>
    </Filter>
    <Filter Include="98.Include">
      <UniqueIdentifier>{f2001eae-e2d3-4e20-90c3-b74150ed8f0d}</UniqueIdentifier>
    </Filter>
    <Filter Include="01.Scene">
      <UniqueIdentifier>{fb3559bc-5e87-4c5b-b57e-9625bdbbf03c}</UniqueIdentifier>
    </Filter>
    <Filter Include="02.Objects">
      <UniqueIdentifier>{50f5935f-2a42-4e51-81e7-19417db711ed}</UniqueIdentifier>
    </Filter>
    <Filter Include="01.Scene\99.Loading">
      <UniqueIdentifier>{ea353fc7-3e80-41cf-9933-6e363a009886}</UniqueIdentifier>
    </Filter>
    <Filter Include="03.Component">
      <UniqueIdentifier>{614eb073-2122-4fe1-b528-07ee62180f53}</UniqueIdentifier>
    </Filter>
    <Filter Include="01.Scene\00.InitScene">
      <UniqueIdentifier>{d20a2dfd-4f11-4780-a070-1c3d0d6fb340}</UniqueIdentifier>
    </Filter>
    <Filter Include="01.Scene\01.StaticScene">
      <UniqueIdentifier>{d8fbf8f6-7698-40c3-8f49-e9af75ebd861}</UniqueIdentifier>
    </Filter>
    <Filter Include="01.Scene\02.PrivateScene">
      <UniqueIdentifier>{ba34bee0-78ed-48de-a03c-9bd7db564c86}</UniqueIdentifier>
    </Filter>
    <Filter Include="01.Scene\02.PrivateScene\00.Changmo">
      <UniqueIdentifier>{b5ddb26e-4a5e-42e9-a402-6ccf5eefef78}</UniqueIdentifier>
    </Filter>
    <Filter Include="01.Scene\02.PrivateScene\00.YongScene">
      <UniqueIdentifier>{4f6ac84a-8dc7-4b08-ae1e-c09ed668fb00}</UniqueIdentifier>
    </Filter>
    <Filter Include="01.Scene\02.PrivateScene\00.WooScene">
      <UniqueIdentifier>{5000a794-c7a6-4be8-baac-f35b87564dbe}</UniqueIdentifier>
    </Filter>
    <Filter Include="01.Scene\02.PrivateScene\00.DongScene">
      <UniqueIdentifier>{5be9e514-de30-44ea-8fd3-412b167faada}</UniqueIdentifier>
    </Filter>
    <Filter Include="01.Scene\02.PrivateScene\00.JongScene">
      <UniqueIdentifier>{63f84f0b-d155-4a53-b15b-6e496573ce04}</UniqueIdentifier>
    </Filter>
    <Filter Include="03.Component\00.UI">
      <UniqueIdentifier>{ba5082f1-baa9-404b-aafd-553107bb6756}</UniqueIdentifier>
    </Filter>
    <Filter Include="03.Component\00.UI\01.ImageComponent">
      <UniqueIdentifier>{8a018347-859c-4211-8217-eb5f76d08cf6}</UniqueIdentifier>
    </Filter>
    <Filter Include="03.Component\00.UI\02.ButtonComponent">
      <UniqueIdentifier>{f638085b-83ad-492c-967a-f2a6b41228e2}</UniqueIdentifier>
    </Filter>
    <Filter Include="03.Component\00.UI\03.TextComponent">
      <UniqueIdentifier>{f6d97cb4-15f8-4081-b7b2-d35efb78fb42}</UniqueIdentifier>
    </Filter>
    <Filter Include="03.Component\00.UI\04.SliderComponent">
      <UniqueIdentifier>{73b538d5-46ed-462a-8303-b241fa890b40}</UniqueIdentifier>
    </Filter>
    <Filter Include="03.Component\00.UI\05.ScrollViewComponent">
      <UniqueIdentifier>{ee985ebe-f7e9-4937-9cd1-7a316ca49bd5}</UniqueIdentifier>
    </Filter>
    <Filter Include="04.Manager">
      <UniqueIdentifier>{95300cc5-73a2-4aee-9c6e-70ffe0a598f1}</UniqueIdentifier>
    </Filter>
    <Filter Include="04.Manager\00.UiManager">
      <UniqueIdentifier>{424a3973-598c-43e7-90fc-65e320250d35}</UniqueIdentifier>
    </Filter>
    <Filter Include="02.Objects\00.UI">
      <UniqueIdentifier>{439d6628-5b50-4d2f-8aa6-4fffb163e874}</UniqueIdentifier>
    </Filter>
    <Filter Include="03.Component\00.UI\00.CanvasComponent">
      <UniqueIdentifier>{d574028e-5253-4689-9795-3ed01e4bd0ef}</UniqueIdentifier>
    </Filter>
  </ItemGroup>
  <ItemGroup>
    <ClInclude Include="Resource.h">
      <Filter>99.Default</Filter>
    </ClInclude>
    <ClInclude Include="stdafx.h">
      <Filter>99.Default</Filter>
    </ClInclude>
    <ClInclude Include="targetver.h">
      <Filter>99.Default</Filter>
    </ClInclude>
    <ClInclude Include="Client.h">
      <Filter>99.Default</Filter>
    </ClInclude>
    <ClInclude Include="..\Header\ChangmoScene.h">
      <Filter>01.Scene\02.PrivateScene\00.Changmo</Filter>
    </ClInclude>
    <ClInclude Include="..\Header\ClientEnum.h">
      <Filter>98.Include</Filter>
    </ClInclude>
    <ClInclude Include="..\Header\ClientMacro.h">
      <Filter>98.Include</Filter>
    </ClInclude>
    <ClInclude Include="..\Header\ClientStructure.h">
      <Filter>98.Include</Filter>
    </ClInclude>
    <ClInclude Include="..\Header\ClientTypedef.h">
      <Filter>98.Include</Filter>
    </ClInclude>
    <ClInclude Include="..\Header\ClientDefine.h">
      <Filter>98.Include</Filter>
    </ClInclude>
    <ClInclude Include="..\Header\YongScene.h">
      <Filter>01.Scene\02.PrivateScene\00.YongScene</Filter>
    </ClInclude>
    <ClInclude Include="..\Header\WooScene.h">
      <Filter>01.Scene\02.PrivateScene\00.WooScene</Filter>
    </ClInclude>
    <ClInclude Include="..\Header\DongScene.h">
      <Filter>01.Scene\02.PrivateScene\00.DongScene</Filter>
    </ClInclude>
    <ClInclude Include="..\Header\StaticScene.h">
      <Filter>01.Scene\01.StaticScene</Filter>
    </ClInclude>
    <ClInclude Include="..\Header\InitScene.h">
      <Filter>01.Scene\00.InitScene</Filter>
    </ClInclude>
    <ClInclude Include="..\Header\ImageComponent.h">
      <Filter>03.Component\00.UI\01.ImageComponent</Filter>
    </ClInclude>
    <ClInclude Include="..\Header\ButtonComponent.h">
      <Filter>03.Component\00.UI\02.ButtonComponent</Filter>
    </ClInclude>
    <ClInclude Include="..\Header\TextComponent.h">
      <Filter>03.Component\00.UI\03.TextComponent</Filter>
    </ClInclude>
    <ClInclude Include="..\Header\SliderComponent.h">
      <Filter>03.Component\00.UI\04.SliderComponent</Filter>
    </ClInclude>
    <ClInclude Include="..\Header\ScrollViewComponent.h">
      <Filter>03.Component\00.UI\05.ScrollViewComponent</Filter>
    </ClInclude>
    <ClInclude Include="..\Header\UiManager.h">
      <Filter>04.Manager\00.UiManager</Filter>
    </ClInclude>
    <ClInclude Include="..\Header\UserInterface.h">
      <Filter>02.Objects\00.UI</Filter>
    </ClInclude>
    <ClInclude Include="..\Header\CanvasComponent.h">
      <Filter>03.Component\00.UI\00.CanvasComponent</Filter>
    </ClInclude>
  </ItemGroup>
  <ItemGroup>
    <ClCompile Include="stdafx.cpp">
      <Filter>99.Default</Filter>
    </ClCompile>
    <ClCompile Include="Client.cpp">
      <Filter>99.Default</Filter>
    </ClCompile>
    <ClCompile Include="..\Code\ChangmoScene.cpp">
      <Filter>01.Scene\02.PrivateScene\00.Changmo</Filter>
    </ClCompile>
    <ClCompile Include="..\Code\YongScene.cpp">
      <Filter>01.Scene\02.PrivateScene\00.YongScene</Filter>
    </ClCompile>
    <ClCompile Include="..\Code\WooScene.cpp">
      <Filter>01.Scene\02.PrivateScene\00.WooScene</Filter>
    </ClCompile>
    <ClCompile Include="..\Code\DongScene.cpp">
      <Filter>01.Scene\02.PrivateScene\00.DongScene</Filter>
    </ClCompile>
    <ClCompile Include="..\Code\StaticScene.cpp">
      <Filter>01.Scene\01.StaticScene</Filter>
    </ClCompile>
    <ClCompile Include="..\Code\InitScene.cpp">
      <Filter>01.Scene\00.InitScene</Filter>
    </ClCompile>
    <ClCompile Include="..\Code\ImageComponent.cpp">
      <Filter>03.Component\00.UI\01.ImageComponent</Filter>
    </ClCompile>
    <ClCompile Include="..\Code\ButtonComponent.cpp">
      <Filter>03.Component\00.UI\02.ButtonComponent</Filter>
    </ClCompile>
    <ClCompile Include="..\Code\TextComponent.cpp">
      <Filter>03.Component\00.UI\03.TextComponent</Filter>
    </ClCompile>
    <ClCompile Include="..\Code\SliderComponent.cpp">
      <Filter>03.Component\00.UI\04.SliderComponent</Filter>
    </ClCompile>
    <ClCompile Include="..\Code\ScrollViewComponent.cpp">
      <Filter>03.Component\00.UI\05.ScrollViewComponent</Filter>
    </ClCompile>
    <ClCompile Include="..\Code\UiManager.cpp">
      <Filter>04.Manager\00.UiManager</Filter>
    </ClCompile>
    <ClCompile Include="..\Code\UserInterface.cpp">
      <Filter>02.Objects\00.UI</Filter>
    </ClCompile>
    <ClCompile Include="..\Code\CanvasComponent.cpp">
      <Filter>03.Component\00.UI\00.CanvasComponent</Filter>
    </ClCompile>
  </ItemGroup>
  <ItemGroup>
    <Image Include="small.ico">
      <Filter>99.Default</Filter>
    </Image>
    <Image Include="SR_BaseEngine.ico">
      <Filter>99.Default</Filter>
    </Image>
  </ItemGroup>
  <ItemGroup>
    <ResourceCompile Include="SR_BaseEngine.rc">
      <Filter>99.Default</Filter>
    </ResourceCompile>
  </ItemGroup>
</Project>