<?xml version="1.0" encoding="utf-8"?>
<Project ToolsVersion="4.0" xmlns="http://schemas.microsoft.com/developer/msbuild/2003">
  <ItemGroup>
    <Filter Include="99.Default">
      <UniqueIdentifier>{e3dab39f-fa58-47be-9aaf-5885caeceb6b}</UniqueIdentifier>
    </Filter>
    <Filter Include="02.ToolView">
      <UniqueIdentifier>{af815a2a-46a5-4334-b635-ab66be36a0ee}</UniqueIdentifier>
    </Filter>
    <Filter Include="00.MainFrm">
      <UniqueIdentifier>{28408ec6-ed10-4e0b-80eb-7ad325436cd4}</UniqueIdentifier>
    </Filter>
    <Filter Include="01.Doc">
      <UniqueIdentifier>{5f7ed6c5-e879-4dd1-ab78-74bd26ecbbb6}</UniqueIdentifier>
    </Filter>
    <Filter Include="98.Include">
      <UniqueIdentifier>{41545f05-f437-4150-b0dc-5253a8c64dc6}</UniqueIdentifier>
    </Filter>
    <Filter Include="03 EditorScene">
      <UniqueIdentifier>{741b87ec-e18e-4640-987a-efa6440177e2}</UniqueIdentifier>
    </Filter>
    <Filter Include="02.ToolView\00.Inspector">
      <UniqueIdentifier>{9245f9af-f2c5-48b4-9ada-815be7ece154}</UniqueIdentifier>
    </Filter>
    <Filter Include="04.MainEditor">
      <UniqueIdentifier>{7ff52d60-1309-45c8-a108-d38644b86721}</UniqueIdentifier>
    </Filter>
    <Filter Include="97.Bitmap">
      <UniqueIdentifier>{aeb39c05-dc6a-457a-893c-c31c07c86b49}</UniqueIdentifier>
    </Filter>
    <Filter Include="05.Object">
      <UniqueIdentifier>{e38c0a56-103f-44b2-abc9-57f858a1f33c}</UniqueIdentifier>
    </Filter>
    <Filter Include="05.Object\00.EffectMesh">
      <UniqueIdentifier>{f7260254-c1c9-4d69-915d-57ccb0f765e0}</UniqueIdentifier>
    </Filter>
    <Filter Include="05.Object\01.SoftEffect">
      <UniqueIdentifier>{90f243c2-8c3b-40ce-8289-511eed1f4fbc}</UniqueIdentifier>
    </Filter>
    <Filter Include="05.Object\00.EffectMesh\00.AttackTrail">
      <UniqueIdentifier>{06eeb9f6-9d93-4452-920a-7488f55cb385}</UniqueIdentifier>
    </Filter>
    <Filter Include="05.Object\00.EffectMesh\01.AttackRange">
      <UniqueIdentifier>{2ef5ee64-e241-4e28-be03-c768d48b27e4}</UniqueIdentifier>
    </Filter>
    <Filter Include="06.Shader">
      <UniqueIdentifier>{ba2026dc-b38f-4256-a09b-2d7d50e11ca1}</UniqueIdentifier>
    </Filter>
    <Filter Include="06.Shader\00.AttackRangeShader">
      <UniqueIdentifier>{169986f2-2a1f-40b8-8d58-3c4d145f4c3a}</UniqueIdentifier>
    </Filter>
    <Filter Include="06.Shader\01.CatPawShader">
      <UniqueIdentifier>{8e0ce369-1541-4bb3-ba7a-38432f605255}</UniqueIdentifier>
    </Filter>
    <Filter Include="06.Shader\02. CelShader">
      <UniqueIdentifier>{4da6b3fa-add1-41a0-92f7-e1f6b9cf07d5}</UniqueIdentifier>
    </Filter>
    <Filter Include="06.Shader\03. CircularGaugeShader">
      <UniqueIdentifier>{81f3c10c-18d1-4272-8efd-ffdfba7689da}</UniqueIdentifier>
    </Filter>
    <Filter Include="06.Shader\04. DamageFontShader">
      <UniqueIdentifier>{fec41c4a-8bd6-47b0-b921-9caa84746f6e}</UniqueIdentifier>
    </Filter>
    <Filter Include="06.Shader\05. DissolveShader">
      <UniqueIdentifier>{488bec30-c5ee-4410-9cd9-cadee780027f}</UniqueIdentifier>
    </Filter>
    <Filter Include="06.Shader\06. EffectShader">
      <UniqueIdentifier>{97881ed9-c62c-46fb-b7b1-de6e5701359c}</UniqueIdentifier>
    </Filter>
    <Filter Include="06.Shader\07. MeshTrailShader">
      <UniqueIdentifier>{0d2283f0-5299-4c7e-aae9-068ed9f39457}</UniqueIdentifier>
    </Filter>
    <Filter Include="06.Shader\10. WaterShader">
      <UniqueIdentifier>{1450a4bb-8017-4ce5-98ee-a0043effc658}</UniqueIdentifier>
    </Filter>
    <Filter Include="06.Shader\11. AlphaMaskShader">
      <UniqueIdentifier>{65e7660c-c0f3-46d2-adae-8cf764da3a18}</UniqueIdentifier>
    </Filter>
    <Filter Include="06.Shader\09. SpawnEffectShader">
      <UniqueIdentifier>{ffa9bfb3-e0be-40c2-bcc4-a28f3e10858f}</UniqueIdentifier>
    </Filter>
    <Filter Include="06.Shader\08. SoftEffectShader">
      <UniqueIdentifier>{7c985d7b-b064-496f-b504-c02bffa46491}</UniqueIdentifier>
    </Filter>
    <Filter Include="06.Shader\12. FireShader">
      <UniqueIdentifier>{7486f62e-c525-46e5-8806-884d465c92fc}</UniqueIdentifier>
    </Filter>
  </ItemGroup>
  <ItemGroup>
    <ClInclude Include="EffectTool.h">
      <Filter>99.Default</Filter>
    </ClInclude>
    <ClInclude Include="Resource.h">
      <Filter>99.Default</Filter>
    </ClInclude>
    <ClInclude Include="stdafx.h">
      <Filter>99.Default</Filter>
    </ClInclude>
    <ClInclude Include="targetver.h">
      <Filter>99.Default</Filter>
    </ClInclude>
    <ClInclude Include="EffectToolDoc.h">
      <Filter>01.Doc</Filter>
    </ClInclude>
    <ClInclude Include="MainFrm.h">
      <Filter>00.MainFrm</Filter>
    </ClInclude>
    <ClInclude Include="EffectToolView.h">
      <Filter>02.ToolView</Filter>
    </ClInclude>
    <ClInclude Include="..\Header\EffectToolScene.h">
      <Filter>03 EditorScene</Filter>
    </ClInclude>
    <ClInclude Include="..\Header\EffectToolInclude.h">
      <Filter>98.Include</Filter>
    </ClInclude>
    <ClInclude Include="..\Header\EffectToolEnum.h">
      <Filter>98.Include</Filter>
    </ClInclude>
    <ClInclude Include="..\Header\EffectToolTypedef.h">
      <Filter>98.Include</Filter>
    </ClInclude>
    <ClInclude Include="..\Header\EffectToolDefine.h">
      <Filter>98.Include</Filter>
    </ClInclude>
    <ClInclude Include="..\Header\Inspector.h">
      <Filter>02.ToolView\00.Inspector</Filter>
    </ClInclude>
    <ClInclude Include="..\Header\MainEditor.h">
      <Filter>04.MainEditor</Filter>
    </ClInclude>
    <ClInclude Include="..\Header\MeshEffect.h">
      <Filter>05.Object\00.EffectMesh</Filter>
    </ClInclude>
    <ClInclude Include="..\Header\AttackTrail.h">
      <Filter>05.Object\00.EffectMesh\00.AttackTrail</Filter>
    </ClInclude>
    <ClInclude Include="..\Header\SoftEffect.h">
      <Filter>05.Object\01.SoftEffect</Filter>
    </ClInclude>
    <ClInclude Include="AttackRange_Editor.h">
      <Filter>05.Object\00.EffectMesh\00.AttackTrail</Filter>
    </ClInclude>
    <ClInclude Include="..\Header\AttackRangeShader.h">
      <Filter>06.Shader\00.AttackRangeShader</Filter>
    </ClInclude>
    <ClInclude Include="..\Header\CatPawShader.h">
      <Filter>06.Shader\01.CatPawShader</Filter>
    </ClInclude>
    <ClInclude Include="..\Header\CelShader.h">
      <Filter>06.Shader\02. CelShader</Filter>
    </ClInclude>
    <ClInclude Include="..\Header\CircularGaugeShader.h">
      <Filter>06.Shader\03. CircularGaugeShader</Filter>
    </ClInclude>
    <ClInclude Include="..\Header\DamageFontShader.h">
      <Filter>06.Shader\04. DamageFontShader</Filter>
    </ClInclude>
    <ClInclude Include="..\Header\DissolveShader.h">
      <Filter>06.Shader\05. DissolveShader</Filter>
    </ClInclude>
    <ClInclude Include="..\Header\EffectShader.h">
      <Filter>06.Shader\06. EffectShader</Filter>
    </ClInclude>
    <ClInclude Include="..\Header\MeshTrailShader.h">
      <Filter>06.Shader\07. MeshTrailShader</Filter>
    </ClInclude>
    <ClInclude Include="..\Header\SoftEffectShader.h">
      <Filter>06.Shader\08. SoftEffectShader</Filter>
    </ClInclude>
    <ClInclude Include="..\Header\SpawnEffectShader.h">
      <Filter>06.Shader\09. SpawnEffectShader</Filter>
    </ClInclude>
    <ClInclude Include="..\Header\WaterShader.h">
      <Filter>06.Shader\10. WaterShader</Filter>
    </ClInclude>
    <ClInclude Include="..\Header\AlphaMaskShader.h">
      <Filter>06.Shader\11. AlphaMaskShader</Filter>
    </ClInclude>
    <ClInclude Include="..\Header\FireShader.h">
      <Filter>06.Shader\12. FireShader</Filter>
    </ClInclude>
  </ItemGroup>
  <ItemGroup>
    <ClCompile Include="EffectTool.cpp">
      <Filter>99.Default</Filter>
    </ClCompile>
    <ClCompile Include="stdafx.cpp">
      <Filter>99.Default</Filter>
    </ClCompile>
    <ClCompile Include="EffectToolDoc.cpp">
      <Filter>01.Doc</Filter>
    </ClCompile>
    <ClCompile Include="MainFrm.cpp">
      <Filter>00.MainFrm</Filter>
    </ClCompile>
    <ClCompile Include="EffectToolView.cpp">
      <Filter>02.ToolView</Filter>
    </ClCompile>
    <ClCompile Include="..\Code\EffectToolScene.cpp">
      <Filter>03 EditorScene</Filter>
    </ClCompile>
    <ClCompile Include="..\Code\Inspector.cpp">
      <Filter>02.ToolView\00.Inspector</Filter>
    </ClCompile>
    <ClCompile Include="..\Code\MainEditor.cpp">
      <Filter>04.MainEditor</Filter>
    </ClCompile>
    <ClCompile Include="..\Code\MeshEffect.cpp">
      <Filter>05.Object\00.EffectMesh</Filter>
    </ClCompile>
    <ClCompile Include="..\Code\AttackTrail.cpp">
      <Filter>05.Object\00.EffectMesh\00.AttackTrail</Filter>
    </ClCompile>
    <ClCompile Include="..\Code\SoftEffect.cpp">
      <Filter>05.Object\01.SoftEffect</Filter>
    </ClCompile>
    <ClCompile Include="AttackRange_Editor.cpp">
      <Filter>05.Object\00.EffectMesh\00.AttackTrail</Filter>
    </ClCompile>
    <ClCompile Include="..\Code\AttackRangeShader.cpp">
      <Filter>06.Shader\00.AttackRangeShader</Filter>
    </ClCompile>
    <ClCompile Include="..\Code\CatPawShader.cpp">
      <Filter>06.Shader\01.CatPawShader</Filter>
    </ClCompile>
    <ClCompile Include="..\Code\CelShader.cpp">
      <Filter>06.Shader\02. CelShader</Filter>
    </ClCompile>
    <ClCompile Include="..\Code\CircularGaugeShader.cpp">
      <Filter>06.Shader\03. CircularGaugeShader</Filter>
    </ClCompile>
    <ClCompile Include="..\Code\DamageFontShader.cpp">
      <Filter>06.Shader\04. DamageFontShader</Filter>
    </ClCompile>
    <ClCompile Include="..\Code\DissolveShader.cpp">
      <Filter>06.Shader\05. DissolveShader</Filter>
    </ClCompile>
    <ClCompile Include="..\Code\EffectShader.cpp">
      <Filter>06.Shader\06. EffectShader</Filter>
    </ClCompile>
    <ClCompile Include="..\Code\MeshTrailShader.cpp">
      <Filter>06.Shader\07. MeshTrailShader</Filter>
    </ClCompile>
    <ClCompile Include="..\Code\SoftEffectShader.cpp">
      <Filter>06.Shader\08. SoftEffectShader</Filter>
    </ClCompile>
    <ClCompile Include="..\Code\SpawnEffectShader.cpp">
      <Filter>06.Shader\09. SpawnEffectShader</Filter>
    </ClCompile>
    <ClCompile Include="..\Code\WaterShader.cpp">
      <Filter>06.Shader\10. WaterShader</Filter>
    </ClCompile>
    <ClCompile Include="..\Code\AlphaMaskShader.cpp">
      <Filter>06.Shader\11. AlphaMaskShader</Filter>
    </ClCompile>
    <ClCompile Include="..\Code\FireShader.cpp">
      <Filter>06.Shader\12. FireShader</Filter>
    </ClCompile>
  </ItemGroup>
  <ItemGroup>
    <Image Include="res\EffectTool.ico">
      <Filter>99.Default</Filter>
    </Image>
    <Image Include="res\Toolbar.bmp">
      <Filter>99.Default</Filter>
    </Image>
    <Image Include="res\EffectToolDoc.ico">
      <Filter>01.Doc</Filter>
    </Image>
    <Image Include="res\Action.bmp">
      <Filter>97.Bitmap</Filter>
    </Image>
    <Image Include="res\AlphaHeight.bmp">
      <Filter>97.Bitmap</Filter>
    </Image>
    <Image Include="res\AlphaMask.bmp">
      <Filter>97.Bitmap</Filter>
    </Image>
    <Image Include="res\AlphaWidth.bmp">
      <Filter>97.Bitmap</Filter>
    </Image>
    <Image Include="res\Billboard.bmp">
      <Filter>97.Bitmap</Filter>
    </Image>
    <Image Include="res\bitmap1.bmp">
      <Filter>97.Bitmap</Filter>
    </Image>
    <Image Include="res\Delete.bmp">
      <Filter>97.Bitmap</Filter>
    </Image>
    <Image Include="res\Edit.bmp">
      <Filter>97.Bitmap</Filter>
    </Image>
    <Image Include="res\Effect_Setting.bmp">
      <Filter>97.Bitmap</Filter>
    </Image>
    <Image Include="res\EffectList.bmp">
      <Filter>97.Bitmap</Filter>
    </Image>
    <Image Include="res\EffectType.bmp">
      <Filter>97.Bitmap</Filter>
    </Image>
    <Image Include="res\EndTime.bmp">
      <Filter>97.Bitmap</Filter>
    </Image>
    <Image Include="res\FadeIn.bmp">
      <Filter>97.Bitmap</Filter>
    </Image>
    <Image Include="res\FadeOut.bmp">
      <Filter>97.Bitmap</Filter>
    </Image>
    <Image Include="res\Function.bmp">
      <Filter>97.Bitmap</Filter>
    </Image>
    <Image Include="res\Load.bmp">
      <Filter>97.Bitmap</Filter>
    </Image>
    <Image Include="res\Loop.bmp">
      <Filter>97.Bitmap</Filter>
    </Image>
    <Image Include="res\main_bg.bmp">
      <Filter>97.Bitmap</Filter>
    </Image>
    <Image Include="res\MeshEffect.bmp">
      <Filter>97.Bitmap</Filter>
    </Image>
    <Image Include="res\Option.bmp">
      <Filter>97.Bitmap</Filter>
    </Image>
    <Image Include="res\Pause.bmp">
      <Filter>97.Bitmap</Filter>
    </Image>
    <Image Include="res\Position.bmp">
      <Filter>97.Bitmap</Filter>
    </Image>
    <Image Include="res\Repeat.bmp">
      <Filter>97.Bitmap</Filter>
    </Image>
    <Image Include="res\Rotation.bmp">
      <Filter>97.Bitmap</Filter>
    </Image>
    <Image Include="res\Save.bmp">
      <Filter>97.Bitmap</Filter>
    </Image>
    <Image Include="res\Scale.bmp">
      <Filter>97.Bitmap</Filter>
    </Image>
    <Image Include="res\SelectMode.bmp">
      <Filter>97.Bitmap</Filter>
    </Image>
    <Image Include="res\SoftEffect.bmp">
      <Filter>97.Bitmap</Filter>
    </Image>
    <Image Include="res\Start.bmp">
      <Filter>97.Bitmap</Filter>
    </Image>
    <Image Include="res\StartTime.bmp">
      <Filter>97.Bitmap</Filter>
    </Image>
    <Image Include="res\Stop.bmp">
      <Filter>97.Bitmap</Filter>
    </Image>
    <Image Include="res\Texture.bmp">
      <Filter>97.Bitmap</Filter>
    </Image>
    <Image Include="res\TextureType.bmp">
      <Filter>97.Bitmap</Filter>
    </Image>
    <Image Include="res\Transform.bmp">
      <Filter>97.Bitmap</Filter>
    </Image>
    <Image Include="res\UVAnimation.bmp">
      <Filter>97.Bitmap</Filter>
    </Image>
    <Image Include="res\UVSprite.bmp">
      <Filter>97.Bitmap</Filter>
    </Image>
    <Image Include="res\X.bmp">
      <Filter>97.Bitmap</Filter>
    </Image>
    <Image Include="res\Y.bmp">
      <Filter>97.Bitmap</Filter>
    </Image>
    <Image Include="res\Z.bmp">
      <Filter>97.Bitmap</Filter>
    </Image>
    <Image Include="res\Honkai.ico">
      <Filter>99.Default</Filter>
    </Image>
    <Image Include="res\Speed.bmp">
      <Filter>97.Bitmap</Filter>
    </Image>
    <Image Include="res\TilingY.bmp">
      <Filter>97.Bitmap</Filter>
    </Image>
    <Image Include="res\AnimSpeed.bmp">
      <Filter>97.Bitmap</Filter>
    </Image>
    <Image Include="res\maxIndexX.bmp">
      <Filter>97.Bitmap</Filter>
    </Image>
    <Image Include="res\maxIndexY.bmp">
      <Filter>97.Bitmap</Filter>
    </Image>
    <Image Include="res\Tiling.bmp">
      <Filter>97.Bitmap</Filter>
    </Image>
    <Image Include="res\TilingX.bmp">
      <Filter>97.Bitmap</Filter>
    </Image>
  </ItemGroup>
  <ItemGroup>
    <ResourceCompile Include="EffectTool.rc">
      <Filter>99.Default</Filter>
    </ResourceCompile>
  </ItemGroup>
  <ItemGroup>
    <None Include="res\EffectTool.rc2">
      <Filter>99.Default</Filter>
    </None>
  </ItemGroup>
  <ItemGroup>
    <Text Include="ReadMe.txt">
      <Filter>99.Default</Filter>
    </Text>
  </ItemGroup>
</Project>